Microsoft Visual Studio Solution File, Format Version 12.00
# Visual Studio 2013
Project("{8BC9CEB8-8B4A-11D0-8D11-00A0C91BC942}") = "ALL_BUILD", "ALL_BUILD.vcxproj", "{3E4EEE09-3414-32E4-9F9C-0A481D48131E}"
	ProjectSection(ProjectDependencies) = postProject
		{6F6901E4-2864-3AED-95EC-D819C30E3587} = {6F6901E4-2864-3AED-95EC-D819C30E3587}
		{2153C75A-BF1D-38F2-9F14-EC2805B2598D} = {2153C75A-BF1D-38F2-9F14-EC2805B2598D}
		{CBAA90EC-FCEB-35E8-9FFA-B5EB94B61BA6} = {CBAA90EC-FCEB-35E8-9FFA-B5EB94B61BA6}
		{86FD7CD1-1169-310B-AEA8-A0E170C362AC} = {86FD7CD1-1169-310B-AEA8-A0E170C362AC}
		{B14306E4-9514-3B93-A3F6-B08EF068E57C} = {B14306E4-9514-3B93-A3F6-B08EF068E57C}
		{B48FF115-6B9C-3E83-8E09-263576CD334B} = {B48FF115-6B9C-3E83-8E09-263576CD334B}
		{9FD4AF4B-84E1-343C-87BB-412292FA9227} = {9FD4AF4B-84E1-343C-87BB-412292FA9227}
		{48B24F26-7430-3B75-A200-4CF1755C0C3B} = {48B24F26-7430-3B75-A200-4CF1755C0C3B}
	EndProjectSection
EndProject
Project("{8BC9CEB8-8B4A-11D0-8D11-00A0C91BC942}") = "IECore", "src\IECore\IECore.vcxproj", "{6F6901E4-2864-3AED-95EC-D819C30E3587}"
	ProjectSection(ProjectDependencies) = postProject
		{B14306E4-9514-3B93-A3F6-B08EF068E57C} = {B14306E4-9514-3B93-A3F6-B08EF068E57C}
	EndProjectSection
EndProject
Project("{8BC9CEB8-8B4A-11D0-8D11-00A0C91BC942}") = "IECoreAlembic", "contrib\IECoreAlembic\src\IECoreAlembic\IECoreAlembic.vcxproj", "{2153C75A-BF1D-38F2-9F14-EC2805B2598D}"
	ProjectSection(ProjectDependencies) = postProject
		{6F6901E4-2864-3AED-95EC-D819C30E3587} = {6F6901E4-2864-3AED-95EC-D819C30E3587}
		{B14306E4-9514-3B93-A3F6-B08EF068E57C} = {B14306E4-9514-3B93-A3F6-B08EF068E57C}
	EndProjectSection
EndProject
Project("{8BC9CEB8-8B4A-11D0-8D11-00A0C91BC942}") = "IECoreGL", "src\IECoreGL\IECoreGL.vcxproj", "{CBAA90EC-FCEB-35E8-9FFA-B5EB94B61BA6}"
	ProjectSection(ProjectDependencies) = postProject
		{6F6901E4-2864-3AED-95EC-D819C30E3587} = {6F6901E4-2864-3AED-95EC-D819C30E3587}
		{B14306E4-9514-3B93-A3F6-B08EF068E57C} = {B14306E4-9514-3B93-A3F6-B08EF068E57C}
	EndProjectSection
EndProject
Project("{8BC9CEB8-8B4A-11D0-8D11-00A0C91BC942}") = "IECorePython", "src\IECorePython\IECorePython.vcxproj", "{86FD7CD1-1169-310B-AEA8-A0E170C362AC}"
	ProjectSection(ProjectDependencies) = postProject
		{6F6901E4-2864-3AED-95EC-D819C30E3587} = {6F6901E4-2864-3AED-95EC-D819C30E3587}
		{B14306E4-9514-3B93-A3F6-B08EF068E57C} = {B14306E4-9514-3B93-A3F6-B08EF068E57C}
	EndProjectSection
EndProject
Project("{8BC9CEB8-8B4A-11D0-8D11-00A0C91BC942}") = "INSTALL", "INSTALL.vcxproj", "{D41514BA-E3C1-3D7F-97E1-C463A8D105BF}"
	ProjectSection(ProjectDependencies) = postProject
		{3E4EEE09-3414-32E4-9F9C-0A481D48131E} = {3E4EEE09-3414-32E4-9F9C-0A481D48131E}
		{B14306E4-9514-3B93-A3F6-B08EF068E57C} = {B14306E4-9514-3B93-A3F6-B08EF068E57C}
	EndProjectSection
EndProject
Project("{8BC9CEB8-8B4A-11D0-8D11-00A0C91BC942}") = "ZERO_CHECK", "ZERO_CHECK.vcxproj", "{B14306E4-9514-3B93-A3F6-B08EF068E57C}"
	ProjectSection(ProjectDependencies) = postProject
	EndProjectSection
EndProject
Project("{8BC9CEB8-8B4A-11D0-8D11-00A0C91BC942}") = "_IECore", "src\IECorePythonModule\_IECore.vcxproj", "{B48FF115-6B9C-3E83-8E09-263576CD334B}"
	ProjectSection(ProjectDependencies) = postProject
		{6F6901E4-2864-3AED-95EC-D819C30E3587} = {6F6901E4-2864-3AED-95EC-D819C30E3587}
		{86FD7CD1-1169-310B-AEA8-A0E170C362AC} = {86FD7CD1-1169-310B-AEA8-A0E170C362AC}
		{B14306E4-9514-3B93-A3F6-B08EF068E57C} = {B14306E4-9514-3B93-A3F6-B08EF068E57C}
	EndProjectSection
EndProject
Project("{8BC9CEB8-8B4A-11D0-8D11-00A0C91BC942}") = "_IECoreAlembic", "contrib\IECoreAlembic\src\IECoreAlembic\bindings\_IECoreAlembic.vcxproj", "{9FD4AF4B-84E1-343C-87BB-412292FA9227}"
	ProjectSection(ProjectDependencies) = postProject
		{6F6901E4-2864-3AED-95EC-D819C30E3587} = {6F6901E4-2864-3AED-95EC-D819C30E3587}
		{2153C75A-BF1D-38F2-9F14-EC2805B2598D} = {2153C75A-BF1D-38F2-9F14-EC2805B2598D}
		{86FD7CD1-1169-310B-AEA8-A0E170C362AC} = {86FD7CD1-1169-310B-AEA8-A0E170C362AC}
		{B14306E4-9514-3B93-A3F6-B08EF068E57C} = {B14306E4-9514-3B93-A3F6-B08EF068E57C}
	EndProjectSection
EndProject
Project("{8BC9CEB8-8B4A-11D0-8D11-00A0C91BC942}") = "_IECoreGL", "src\IECoreGL\bindings\_IECoreGL.vcxproj", "{48B24F26-7430-3B75-A200-4CF1755C0C3B}"
	ProjectSection(ProjectDependencies) = postProject
		{6F6901E4-2864-3AED-95EC-D819C30E3587} = {6F6901E4-2864-3AED-95EC-D819C30E3587}
		{CBAA90EC-FCEB-35E8-9FFA-B5EB94B61BA6} = {CBAA90EC-FCEB-35E8-9FFA-B5EB94B61BA6}
		{86FD7CD1-1169-310B-AEA8-A0E170C362AC} = {86FD7CD1-1169-310B-AEA8-A0E170C362AC}
		{B14306E4-9514-3B93-A3F6-B08EF068E57C} = {B14306E4-9514-3B93-A3F6-B08EF068E57C}
	EndProjectSection
EndProject
Global
	GlobalSection(SolutionConfigurationPlatforms) = preSolution
		Debug|x64 = Debug|x64
		Release|x64 = Release|x64
		MinSizeRel|x64 = MinSizeRel|x64
		RelWithDebInfo|x64 = RelWithDebInfo|x64
	EndGlobalSection
	GlobalSection(ProjectConfigurationPlatforms) = postSolution
		{3E4EEE09-3414-32E4-9F9C-0A481D48131E}.Debug|x64.ActiveCfg = Debug|x64
		{3E4EEE09-3414-32E4-9F9C-0A481D48131E}.Debug|x64.Build.0 = Debug|x64
		{3E4EEE09-3414-32E4-9F9C-0A481D48131E}.Release|x64.ActiveCfg = Release|x64
		{3E4EEE09-3414-32E4-9F9C-0A481D48131E}.Release|x64.Build.0 = Release|x64
		{3E4EEE09-3414-32E4-9F9C-0A481D48131E}.MinSizeRel|x64.ActiveCfg = MinSizeRel|x64
		{3E4EEE09-3414-32E4-9F9C-0A481D48131E}.MinSizeRel|x64.Build.0 = MinSizeRel|x64
		{3E4EEE09-3414-32E4-9F9C-0A481D48131E}.RelWithDebInfo|x64.ActiveCfg = RelWithDebInfo|x64
		{3E4EEE09-3414-32E4-9F9C-0A481D48131E}.RelWithDebInfo|x64.Build.0 = RelWithDebInfo|x64
		{6F6901E4-2864-3AED-95EC-D819C30E3587}.Debug|x64.ActiveCfg = Debug|x64
		{6F6901E4-2864-3AED-95EC-D819C30E3587}.Debug|x64.Build.0 = Debug|x64
		{6F6901E4-2864-3AED-95EC-D819C30E3587}.Release|x64.ActiveCfg = Release|x64
		{6F6901E4-2864-3AED-95EC-D819C30E3587}.Release|x64.Build.0 = Release|x64
		{6F6901E4-2864-3AED-95EC-D819C30E3587}.MinSizeRel|x64.ActiveCfg = MinSizeRel|x64
		{6F6901E4-2864-3AED-95EC-D819C30E3587}.MinSizeRel|x64.Build.0 = MinSizeRel|x64
		{6F6901E4-2864-3AED-95EC-D819C30E3587}.RelWithDebInfo|x64.ActiveCfg = RelWithDebInfo|x64
		{6F6901E4-2864-3AED-95EC-D819C30E3587}.RelWithDebInfo|x64.Build.0 = RelWithDebInfo|x64
		{2153C75A-BF1D-38F2-9F14-EC2805B2598D}.Debug|x64.ActiveCfg = Debug|x64
		{2153C75A-BF1D-38F2-9F14-EC2805B2598D}.Debug|x64.Build.0 = Debug|x64
		{2153C75A-BF1D-38F2-9F14-EC2805B2598D}.Release|x64.ActiveCfg = Release|x64
		{2153C75A-BF1D-38F2-9F14-EC2805B2598D}.Release|x64.Build.0 = Release|x64
		{2153C75A-BF1D-38F2-9F14-EC2805B2598D}.MinSizeRel|x64.ActiveCfg = MinSizeRel|x64
		{2153C75A-BF1D-38F2-9F14-EC2805B2598D}.MinSizeRel|x64.Build.0 = MinSizeRel|x64
		{2153C75A-BF1D-38F2-9F14-EC2805B2598D}.RelWithDebInfo|x64.ActiveCfg = RelWithDebInfo|x64
		{2153C75A-BF1D-38F2-9F14-EC2805B2598D}.RelWithDebInfo|x64.Build.0 = RelWithDebInfo|x64
		{CBAA90EC-FCEB-35E8-9FFA-B5EB94B61BA6}.Debug|x64.ActiveCfg = Debug|x64
		{CBAA90EC-FCEB-35E8-9FFA-B5EB94B61BA6}.Debug|x64.Build.0 = Debug|x64
		{CBAA90EC-FCEB-35E8-9FFA-B5EB94B61BA6}.Release|x64.ActiveCfg = Release|x64
		{CBAA90EC-FCEB-35E8-9FFA-B5EB94B61BA6}.Release|x64.Build.0 = Release|x64
		{CBAA90EC-FCEB-35E8-9FFA-B5EB94B61BA6}.MinSizeRel|x64.ActiveCfg = MinSizeRel|x64
		{CBAA90EC-FCEB-35E8-9FFA-B5EB94B61BA6}.MinSizeRel|x64.Build.0 = MinSizeRel|x64
		{CBAA90EC-FCEB-35E8-9FFA-B5EB94B61BA6}.RelWithDebInfo|x64.ActiveCfg = RelWithDebInfo|x64
		{CBAA90EC-FCEB-35E8-9FFA-B5EB94B61BA6}.RelWithDebInfo|x64.Build.0 = RelWithDebInfo|x64
		{86FD7CD1-1169-310B-AEA8-A0E170C362AC}.Debug|x64.ActiveCfg = Debug|x64
		{86FD7CD1-1169-310B-AEA8-A0E170C362AC}.Debug|x64.Build.0 = Debug|x64
		{86FD7CD1-1169-310B-AEA8-A0E170C362AC}.Release|x64.ActiveCfg = Release|x64
		{86FD7CD1-1169-310B-AEA8-A0E170C362AC}.Release|x64.Build.0 = Release|x64
		{86FD7CD1-1169-310B-AEA8-A0E170C362AC}.MinSizeRel|x64.ActiveCfg = MinSizeRel|x64
		{86FD7CD1-1169-310B-AEA8-A0E170C362AC}.MinSizeRel|x64.Build.0 = MinSizeRel|x64
		{86FD7CD1-1169-310B-AEA8-A0E170C362AC}.RelWithDebInfo|x64.ActiveCfg = RelWithDebInfo|x64
		{86FD7CD1-1169-310B-AEA8-A0E170C362AC}.RelWithDebInfo|x64.Build.0 = RelWithDebInfo|x64
		{D41514BA-E3C1-3D7F-97E1-C463A8D105BF}.Debug|x64.ActiveCfg = Debug|x64
		{D41514BA-E3C1-3D7F-97E1-C463A8D105BF}.Release|x64.ActiveCfg = Release|x64
		{D41514BA-E3C1-3D7F-97E1-C463A8D105BF}.MinSizeRel|x64.ActiveCfg = MinSizeRel|x64
		{D41514BA-E3C1-3D7F-97E1-C463A8D105BF}.RelWithDebInfo|x64.ActiveCfg = RelWithDebInfo|x64
		{B14306E4-9514-3B93-A3F6-B08EF068E57C}.Debug|x64.ActiveCfg = Debug|x64
		{B14306E4-9514-3B93-A3F6-B08EF068E57C}.Debug|x64.Build.0 = Debug|x64
		{B14306E4-9514-3B93-A3F6-B08EF068E57C}.Release|x64.ActiveCfg = Release|x64
		{B14306E4-9514-3B93-A3F6-B08EF068E57C}.Release|x64.Build.0 = Release|x64
		{B14306E4-9514-3B93-A3F6-B08EF068E57C}.MinSizeRel|x64.ActiveCfg = MinSizeRel|x64
		{B14306E4-9514-3B93-A3F6-B08EF068E57C}.MinSizeRel|x64.Build.0 = MinSizeRel|x64
		{B14306E4-9514-3B93-A3F6-B08EF068E57C}.RelWithDebInfo|x64.ActiveCfg = RelWithDebInfo|x64
		{B14306E4-9514-3B93-A3F6-B08EF068E57C}.RelWithDebInfo|x64.Build.0 = RelWithDebInfo|x64
		{B48FF115-6B9C-3E83-8E09-263576CD334B}.Debug|x64.ActiveCfg = Debug|x64
		{B48FF115-6B9C-3E83-8E09-263576CD334B}.Debug|x64.Build.0 = Debug|x64
		{B48FF115-6B9C-3E83-8E09-263576CD334B}.Release|x64.ActiveCfg = Release|x64
		{B48FF115-6B9C-3E83-8E09-263576CD334B}.Release|x64.Build.0 = Release|x64
		{B48FF115-6B9C-3E83-8E09-263576CD334B}.MinSizeRel|x64.ActiveCfg = MinSizeRel|x64
		{B48FF115-6B9C-3E83-8E09-263576CD334B}.MinSizeRel|x64.Build.0 = MinSizeRel|x64
		{B48FF115-6B9C-3E83-8E09-263576CD334B}.RelWithDebInfo|x64.ActiveCfg = RelWithDebInfo|x64
		{B48FF115-6B9C-3E83-8E09-263576CD334B}.RelWithDebInfo|x64.Build.0 = RelWithDebInfo|x64
		{9FD4AF4B-84E1-343C-87BB-412292FA9227}.Debug|x64.ActiveCfg = Debug|x64
		{9FD4AF4B-84E1-343C-87BB-412292FA9227}.Debug|x64.Build.0 = Debug|x64
		{9FD4AF4B-84E1-343C-87BB-412292FA9227}.Release|x64.ActiveCfg = Release|x64
		{9FD4AF4B-84E1-343C-87BB-412292FA9227}.Release|x64.Build.0 = Release|x64
		{9FD4AF4B-84E1-343C-87BB-412292FA9227}.MinSizeRel|x64.ActiveCfg = MinSizeRel|x64
		{9FD4AF4B-84E1-343C-87BB-412292FA9227}.MinSizeRel|x64.Build.0 = MinSizeRel|x64
		{9FD4AF4B-84E1-343C-87BB-412292FA9227}.RelWithDebInfo|x64.ActiveCfg = RelWithDebInfo|x64
		{9FD4AF4B-84E1-343C-87BB-412292FA9227}.RelWithDebInfo|x64.Build.0 = RelWithDebInfo|x64
		{48B24F26-7430-3B75-A200-4CF1755C0C3B}.Debug|x64.ActiveCfg = Debug|x64
		{48B24F26-7430-3B75-A200-4CF1755C0C3B}.Debug|x64.Build.0 = Debug|x64
		{48B24F26-7430-3B75-A200-4CF1755C0C3B}.Release|x64.ActiveCfg = Release|x64
		{48B24F26-7430-3B75-A200-4CF1755C0C3B}.Release|x64.Build.0 = Release|x64
		{48B24F26-7430-3B75-A200-4CF1755C0C3B}.MinSizeRel|x64.ActiveCfg = MinSizeRel|x64
		{48B24F26-7430-3B75-A200-4CF1755C0C3B}.MinSizeRel|x64.Build.0 = MinSizeRel|x64
		{48B24F26-7430-3B75-A200-4CF1755C0C3B}.RelWithDebInfo|x64.ActiveCfg = RelWithDebInfo|x64
		{48B24F26-7430-3B75-A200-4CF1755C0C3B}.RelWithDebInfo|x64.Build.0 = RelWithDebInfo|x64
	EndGlobalSection
	GlobalSection(ExtensibilityGlobals) = postSolution
		SolutionGuid = {E5747245-7290-3D1D-9CC3-959FC516E680}
	EndGlobalSection
	GlobalSection(ExtensibilityAddIns) = postSolution
	EndGlobalSection
EndGlobal
