<?xml version="1.0" encoding="UTF-8"?>
<Project ToolsVersion="12.0" xmlns="http://schemas.microsoft.com/developer/msbuild/2003">
  <ItemGroup>
    <ClCompile Include="M:\gafferDependencies\cortex-9.21.1\src\IECorePython\AddSmoothSkinningInfluencesOpBinding.cpp">
      <Filter>Source Files</Filter>
    </ClCompile>
    <ClCompile Include="M:\gafferDependencies\cortex-9.21.1\src\IECorePython\AlexaLogcToLinearOpBinding.cpp">
      <Filter>Source Files</Filter>
    </ClCompile>
    <ClCompile Include="M:\gafferDependencies\cortex-9.21.1\src\IECorePython\AngleConversionBinding.cpp">
      <Filter>Source Files</Filter>
    </ClCompile>
    <ClCompile Include="M:\gafferDependencies\cortex-9.21.1\src\IECorePython\AttributeStateBinding.cpp">
      <Filter>Source Files</Filter>
    </ClCompile>
    <ClCompile Include="M:\gafferDependencies\cortex-9.21.1\src\IECorePython\BezierAlgoBinding.cpp">
      <Filter>Source Files</Filter>
    </ClCompile>
    <ClCompile Include="M:\gafferDependencies\cortex-9.21.1\src\IECorePython\BinaryFrameListBinding.cpp">
      <Filter>Source Files</Filter>
    </ClCompile>
    <ClCompile Include="M:\gafferDependencies\cortex-9.21.1\src\IECorePython\BlindDataHolderBinding.cpp">
      <Filter>Source Files</Filter>
    </ClCompile>
    <ClCompile Include="M:\gafferDependencies\cortex-9.21.1\src\IECorePython\BoundedKDTreeBinding.cpp">
      <Filter>Source Files</Filter>
    </ClCompile>
    <ClCompile Include="M:\gafferDependencies\cortex-9.21.1\src\IECorePython\CINImageReaderBinding.cpp">
      <Filter>Source Files</Filter>
    </ClCompile>
    <ClCompile Include="M:\gafferDependencies\cortex-9.21.1\src\IECorePython\CINImageWriterBinding.cpp">
      <Filter>Source Files</Filter>
    </ClCompile>
    <ClCompile Include="M:\gafferDependencies\cortex-9.21.1\src\IECorePython\CachedReaderBinding.cpp">
      <Filter>Source Files</Filter>
    </ClCompile>
    <ClCompile Include="M:\gafferDependencies\cortex-9.21.1\src\IECorePython\CamelCaseBinding.cpp">
      <Filter>Source Files</Filter>
    </ClCompile>
    <ClCompile Include="M:\gafferDependencies\cortex-9.21.1\src\IECorePython\CameraBinding.cpp">
      <Filter>Source Files</Filter>
    </ClCompile>
    <ClCompile Include="M:\gafferDependencies\cortex-9.21.1\src\IECorePython\CameraControllerBinding.cpp">
      <Filter>Source Files</Filter>
    </ClCompile>
    <ClCompile Include="M:\gafferDependencies\cortex-9.21.1\src\IECorePython\CapturingRendererBinding.cpp">
      <Filter>Source Files</Filter>
    </ClCompile>
    <ClCompile Include="M:\gafferDependencies\cortex-9.21.1\src\IECorePython\ChannelOpBinding.cpp">
      <Filter>Source Files</Filter>
    </ClCompile>
    <ClCompile Include="M:\gafferDependencies\cortex-9.21.1\src\IECorePython\CineonToLinearOpBinding.cpp">
      <Filter>Source Files</Filter>
    </ClCompile>
    <ClCompile Include="M:\gafferDependencies\cortex-9.21.1\src\IECorePython\ClampOpBinding.cpp">
      <Filter>Source Files</Filter>
    </ClCompile>
    <ClCompile Include="M:\gafferDependencies\cortex-9.21.1\src\IECorePython\ClientDisplayDriverBinding.cpp">
      <Filter>Source Files</Filter>
    </ClCompile>
    <ClCompile Include="M:\gafferDependencies\cortex-9.21.1\src\IECorePython\ClippingPlaneBinding.cpp">
      <Filter>Source Files</Filter>
    </ClCompile>
    <ClCompile Include="M:\gafferDependencies\cortex-9.21.1\src\IECorePython\ColorSpaceTransformOpBinding.cpp">
      <Filter>Source Files</Filter>
    </ClCompile>
    <ClCompile Include="M:\gafferDependencies\cortex-9.21.1\src\IECorePython\ColorTransformOpBinding.cpp">
      <Filter>Source Files</Filter>
    </ClCompile>
    <ClCompile Include="M:\gafferDependencies\cortex-9.21.1\src\IECorePython\CompoundDataBinding.cpp">
      <Filter>Source Files</Filter>
    </ClCompile>
    <ClCompile Include="M:\gafferDependencies\cortex-9.21.1\src\IECorePython\CompoundFrameListBinding.cpp">
      <Filter>Source Files</Filter>
    </ClCompile>
    <ClCompile Include="M:\gafferDependencies\cortex-9.21.1\src\IECorePython\CompoundObjectBinding.cpp">
      <Filter>Source Files</Filter>
    </ClCompile>
    <ClCompile Include="M:\gafferDependencies\cortex-9.21.1\src\IECorePython\CompoundParameterBinding.cpp">
      <Filter>Source Files</Filter>
    </ClCompile>
    <ClCompile Include="M:\gafferDependencies\cortex-9.21.1\src\IECorePython\CompressSmoothSkinningDataOpBinding.cpp">
      <Filter>Source Files</Filter>
    </ClCompile>
    <ClCompile Include="M:\gafferDependencies\cortex-9.21.1\src\IECorePython\ContrastSmoothSkinningWeightsOpBinding.cpp">
      <Filter>Source Files</Filter>
    </ClCompile>
    <ClCompile Include="M:\gafferDependencies\cortex-9.21.1\src\IECorePython\ConverterBinding.cpp">
      <Filter>Source Files</Filter>
    </ClCompile>
    <ClCompile Include="M:\gafferDependencies\cortex-9.21.1\src\IECorePython\CoordinateSystemBinding.cpp">
      <Filter>Source Files</Filter>
    </ClCompile>
    <ClCompile Include="M:\gafferDependencies\cortex-9.21.1\src\IECorePython\CubeColorLookupBinding.cpp">
      <Filter>Source Files</Filter>
    </ClCompile>
    <ClCompile Include="M:\gafferDependencies\cortex-9.21.1\src\IECorePython\CubeColorLookupDataBinding.cpp">
      <Filter>Source Files</Filter>
    </ClCompile>
    <ClCompile Include="M:\gafferDependencies\cortex-9.21.1\src\IECorePython\CubeColorLookupParameterBinding.cpp">
      <Filter>Source Files</Filter>
    </ClCompile>
    <ClCompile Include="M:\gafferDependencies\cortex-9.21.1\src\IECorePython\CubeColorTransformOpBinding.cpp">
      <Filter>Source Files</Filter>
    </ClCompile>
    <ClCompile Include="M:\gafferDependencies\cortex-9.21.1\src\IECorePython\CubicBasisBinding.cpp">
      <Filter>Source Files</Filter>
    </ClCompile>
    <ClCompile Include="M:\gafferDependencies\cortex-9.21.1\src\IECorePython\CurveExtrudeOpBinding.cpp">
      <Filter>Source Files</Filter>
    </ClCompile>
    <ClCompile Include="M:\gafferDependencies\cortex-9.21.1\src\IECorePython\CurveLineariserBinding.cpp">
      <Filter>Source Files</Filter>
    </ClCompile>
    <ClCompile Include="M:\gafferDependencies\cortex-9.21.1\src\IECorePython\CurveTangentsOpBinding.cpp">
      <Filter>Source Files</Filter>
    </ClCompile>
    <ClCompile Include="M:\gafferDependencies\cortex-9.21.1\src\IECorePython\CurveTracerBinding.cpp">
      <Filter>Source Files</Filter>
    </ClCompile>
    <ClCompile Include="M:\gafferDependencies\cortex-9.21.1\src\IECorePython\CurvesAlgoBinding.cpp">
      <Filter>Source Files</Filter>
    </ClCompile>
    <ClCompile Include="M:\gafferDependencies\cortex-9.21.1\src\IECorePython\CurvesMergeOpBinding.cpp">
      <Filter>Source Files</Filter>
    </ClCompile>
    <ClCompile Include="M:\gafferDependencies\cortex-9.21.1\src\IECorePython\CurvesPrimitiveBinding.cpp">
      <Filter>Source Files</Filter>
    </ClCompile>
    <ClCompile Include="M:\gafferDependencies\cortex-9.21.1\src\IECorePython\CurvesPrimitiveEvaluatorBinding.cpp">
      <Filter>Source Files</Filter>
    </ClCompile>
    <ClCompile Include="M:\gafferDependencies\cortex-9.21.1\src\IECorePython\DPXImageReaderBinding.cpp">
      <Filter>Source Files</Filter>
    </ClCompile>
    <ClCompile Include="M:\gafferDependencies\cortex-9.21.1\src\IECorePython\DPXImageWriterBinding.cpp">
      <Filter>Source Files</Filter>
    </ClCompile>
    <ClCompile Include="M:\gafferDependencies\cortex-9.21.1\src\IECorePython\DataAlgoBinding.cpp">
      <Filter>Source Files</Filter>
    </ClCompile>
    <ClCompile Include="M:\gafferDependencies\cortex-9.21.1\src\IECorePython\DataBinding.cpp">
      <Filter>Source Files</Filter>
    </ClCompile>
    <ClCompile Include="M:\gafferDependencies\cortex-9.21.1\src\IECorePython\DataCastOpBinding.cpp">
      <Filter>Source Files</Filter>
    </ClCompile>
    <ClCompile Include="M:\gafferDependencies\cortex-9.21.1\src\IECorePython\DataConvertOpBinding.cpp">
      <Filter>Source Files</Filter>
    </ClCompile>
    <ClCompile Include="M:\gafferDependencies\cortex-9.21.1\src\IECorePython\DataInterleaveOpBinding.cpp">
      <Filter>Source Files</Filter>
    </ClCompile>
    <ClCompile Include="M:\gafferDependencies\cortex-9.21.1\src\IECorePython\DataPromoteOpBinding.cpp">
      <Filter>Source Files</Filter>
    </ClCompile>
    <ClCompile Include="M:\gafferDependencies\cortex-9.21.1\src\IECorePython\DateTimeDataBinding.cpp">
      <Filter>Source Files</Filter>
    </ClCompile>
    <ClCompile Include="M:\gafferDependencies\cortex-9.21.1\src\IECorePython\DateTimeParameterBinding.cpp">
      <Filter>Source Files</Filter>
    </ClCompile>
    <ClCompile Include="M:\gafferDependencies\cortex-9.21.1\src\IECorePython\DecompressSmoothSkinningDataOpBinding.cpp">
      <Filter>Source Files</Filter>
    </ClCompile>
    <ClCompile Include="M:\gafferDependencies\cortex-9.21.1\src\IECorePython\DeepImageConverterBinding.cpp">
      <Filter>Source Files</Filter>
    </ClCompile>
    <ClCompile Include="M:\gafferDependencies\cortex-9.21.1\src\IECorePython\DeepImageReaderBinding.cpp">
      <Filter>Source Files</Filter>
    </ClCompile>
    <ClCompile Include="M:\gafferDependencies\cortex-9.21.1\src\IECorePython\DeepImageWriterBinding.cpp">
      <Filter>Source Files</Filter>
    </ClCompile>
    <ClCompile Include="M:\gafferDependencies\cortex-9.21.1\src\IECorePython\DeepPixelBinding.cpp">
      <Filter>Source Files</Filter>
    </ClCompile>
    <ClCompile Include="M:\gafferDependencies\cortex-9.21.1\src\IECorePython\DirNameParameterBinding.cpp">
      <Filter>Source Files</Filter>
    </ClCompile>
    <ClCompile Include="M:\gafferDependencies\cortex-9.21.1\src\IECorePython\DiskPrimitiveBinding.cpp">
      <Filter>Source Files</Filter>
    </ClCompile>
    <ClCompile Include="M:\gafferDependencies\cortex-9.21.1\src\IECorePython\DisplayBinding.cpp">
      <Filter>Source Files</Filter>
    </ClCompile>
    <ClCompile Include="M:\gafferDependencies\cortex-9.21.1\src\IECorePython\DisplayDriverBinding.cpp">
      <Filter>Source Files</Filter>
    </ClCompile>
    <ClCompile Include="M:\gafferDependencies\cortex-9.21.1\src\IECorePython\DisplayDriverServerBinding.cpp">
      <Filter>Source Files</Filter>
    </ClCompile>
    <ClCompile Include="M:\gafferDependencies\cortex-9.21.1\src\IECorePython\EXRDeepImageReaderBinding.cpp">
      <Filter>Source Files</Filter>
    </ClCompile>
    <ClCompile Include="M:\gafferDependencies\cortex-9.21.1\src\IECorePython\EXRDeepImageWriterBinding.cpp">
      <Filter>Source Files</Filter>
    </ClCompile>
    <ClCompile Include="M:\gafferDependencies\cortex-9.21.1\src\IECorePython\EXRImageReaderBinding.cpp">
      <Filter>Source Files</Filter>
    </ClCompile>
    <ClCompile Include="M:\gafferDependencies\cortex-9.21.1\src\IECorePython\EXRImageWriterBinding.cpp">
      <Filter>Source Files</Filter>
    </ClCompile>
    <ClCompile Include="M:\gafferDependencies\cortex-9.21.1\src\IECorePython\EmptyFrameListBinding.cpp">
      <Filter>Source Files</Filter>
    </ClCompile>
    <ClCompile Include="M:\gafferDependencies\cortex-9.21.1\src\IECorePython\EnvMapSamplerBinding.cpp">
      <Filter>Source Files</Filter>
    </ClCompile>
    <ClCompile Include="M:\gafferDependencies\cortex-9.21.1\src\IECorePython\ExceptionBinding.cpp">
      <Filter>Source Files</Filter>
    </ClCompile>
    <ClCompile Include="M:\gafferDependencies\cortex-9.21.1\src\IECorePython\ExclusionFrameListBinding.cpp">
      <Filter>Source Files</Filter>
    </ClCompile>
    <ClCompile Include="M:\gafferDependencies\cortex-9.21.1\src\IECorePython\ExternalProceduralBinding.cpp">
      <Filter>Source Files</Filter>
    </ClCompile>
    <ClCompile Include="M:\gafferDependencies\cortex-9.21.1\src\IECorePython\FaceAreaOpBinding.cpp">
      <Filter>Source Files</Filter>
    </ClCompile>
    <ClCompile Include="M:\gafferDependencies\cortex-9.21.1\src\IECorePython\FaceVaryingPromotionOpBinding.cpp">
      <Filter>Source Files</Filter>
    </ClCompile>
    <ClCompile Include="M:\gafferDependencies\cortex-9.21.1\src\IECorePython\FileNameParameterBinding.cpp">
      <Filter>Source Files</Filter>
    </ClCompile>
    <ClCompile Include="M:\gafferDependencies\cortex-9.21.1\src\IECorePython\FileSequenceBinding.cpp">
      <Filter>Source Files</Filter>
    </ClCompile>
    <ClCompile Include="M:\gafferDependencies\cortex-9.21.1\src\IECorePython\FileSequenceFunctionsBinding.cpp">
      <Filter>Source Files</Filter>
    </ClCompile>
    <ClCompile Include="M:\gafferDependencies\cortex-9.21.1\src\IECorePython\FileSequenceParameterBinding.cpp">
      <Filter>Source Files</Filter>
    </ClCompile>
    <ClCompile Include="M:\gafferDependencies\cortex-9.21.1\src\IECorePython\FileSequenceVectorParameterBinding.cpp">
      <Filter>Source Files</Filter>
    </ClCompile>
    <ClCompile Include="M:\gafferDependencies\cortex-9.21.1\src\IECorePython\FontBinding.cpp">
      <Filter>Source Files</Filter>
    </ClCompile>
    <ClCompile Include="M:\gafferDependencies\cortex-9.21.1\src\IECorePython\FrameListBinding.cpp">
      <Filter>Source Files</Filter>
    </ClCompile>
    <ClCompile Include="M:\gafferDependencies\cortex-9.21.1\src\IECorePython\FrameListParameterBinding.cpp">
      <Filter>Source Files</Filter>
    </ClCompile>
    <ClCompile Include="M:\gafferDependencies\cortex-9.21.1\src\IECorePython\FrameRangeBinding.cpp">
      <Filter>Source Files</Filter>
    </ClCompile>
    <ClCompile Include="M:\gafferDependencies\cortex-9.21.1\src\IECorePython\FromCoreConverterBinding.cpp">
      <Filter>Source Files</Filter>
    </ClCompile>
    <ClCompile Include="M:\gafferDependencies\cortex-9.21.1\src\IECorePython\GeometricTypedDataBinding.cpp">
      <Filter>Source Files</Filter>
    </ClCompile>
    <ClCompile Include="M:\gafferDependencies\cortex-9.21.1\src\IECorePython\GradeBinding.cpp">
      <Filter>Source Files</Filter>
    </ClCompile>
    <ClCompile Include="M:\gafferDependencies\cortex-9.21.1\src\IECorePython\GroupBinding.cpp">
      <Filter>Source Files</Filter>
    </ClCompile>
    <ClCompile Include="M:\gafferDependencies\cortex-9.21.1\src\IECorePython\HalfBinding.cpp">
      <Filter>Source Files</Filter>
    </ClCompile>
    <ClCompile Include="M:\gafferDependencies\cortex-9.21.1\src\IECorePython\HdrMergeOpBinding.cpp">
      <Filter>Source Files</Filter>
    </ClCompile>
    <ClCompile Include="M:\gafferDependencies\cortex-9.21.1\src\IECorePython\HeaderGeneratorBinding.cpp">
      <Filter>Source Files</Filter>
    </ClCompile>
    <ClCompile Include="M:\gafferDependencies\cortex-9.21.1\src\IECorePython\HenyeyGreensteinBinding.cpp">
      <Filter>Source Files</Filter>
    </ClCompile>
    <ClCompile Include="M:\gafferDependencies\cortex-9.21.1\src\IECorePython\HexConversionBinding.cpp">
      <Filter>Source Files</Filter>
    </ClCompile>
    <ClCompile Include="M:\gafferDependencies\cortex-9.21.1\src\IECorePython\ImageCompositeOpBinding.cpp">
      <Filter>Source Files</Filter>
    </ClCompile>
    <ClCompile Include="M:\gafferDependencies\cortex-9.21.1\src\IECorePython\ImageCropOpBinding.cpp">
      <Filter>Source Files</Filter>
    </ClCompile>
    <ClCompile Include="M:\gafferDependencies\cortex-9.21.1\src\IECorePython\ImageDiffOpBinding.cpp">
      <Filter>Source Files</Filter>
    </ClCompile>
    <ClCompile Include="M:\gafferDependencies\cortex-9.21.1\src\IECorePython\ImageDisplayDriverBinding.cpp">
      <Filter>Source Files</Filter>
    </ClCompile>
    <ClCompile Include="M:\gafferDependencies\cortex-9.21.1\src\IECorePython\ImagePremultiplyOpBinding.cpp">
      <Filter>Source Files</Filter>
    </ClCompile>
    <ClCompile Include="M:\gafferDependencies\cortex-9.21.1\src\IECorePython\ImagePrimitiveBinding.cpp">
      <Filter>Source Files</Filter>
    </ClCompile>
    <ClCompile Include="M:\gafferDependencies\cortex-9.21.1\src\IECorePython\ImagePrimitiveEvaluatorBinding.cpp">
      <Filter>Source Files</Filter>
    </ClCompile>
    <ClCompile Include="M:\gafferDependencies\cortex-9.21.1\src\IECorePython\ImageReaderBinding.cpp">
      <Filter>Source Files</Filter>
    </ClCompile>
    <ClCompile Include="M:\gafferDependencies\cortex-9.21.1\src\IECorePython\ImageThinnerBinding.cpp">
      <Filter>Source Files</Filter>
    </ClCompile>
    <ClCompile Include="M:\gafferDependencies\cortex-9.21.1\src\IECorePython\ImageUnpremultiplyOpBinding.cpp">
      <Filter>Source Files</Filter>
    </ClCompile>
    <ClCompile Include="M:\gafferDependencies\cortex-9.21.1\src\IECorePython\ImageWriterBinding.cpp">
      <Filter>Source Files</Filter>
    </ClCompile>
    <ClCompile Include="M:\gafferDependencies\cortex-9.21.1\src\IECorePython\ImathBinding.cpp">
      <Filter>Source Files</Filter>
    </ClCompile>
    <ClCompile Include="M:\gafferDependencies\cortex-9.21.1\src\IECorePython\ImathBoxBinding.cpp">
      <Filter>Source Files</Filter>
    </ClCompile>
    <ClCompile Include="M:\gafferDependencies\cortex-9.21.1\src\IECorePython\ImathBoxVectorBinding.cpp">
      <Filter>Source Files</Filter>
    </ClCompile>
    <ClCompile Include="M:\gafferDependencies\cortex-9.21.1\src\IECorePython\ImathColorBinding.cpp">
      <Filter>Source Files</Filter>
    </ClCompile>
    <ClCompile Include="M:\gafferDependencies\cortex-9.21.1\src\IECorePython\ImathColorVectorBinding.cpp">
      <Filter>Source Files</Filter>
    </ClCompile>
    <ClCompile Include="M:\gafferDependencies\cortex-9.21.1\src\IECorePython\ImathEulerBinding.cpp">
      <Filter>Source Files</Filter>
    </ClCompile>
    <ClCompile Include="M:\gafferDependencies\cortex-9.21.1\src\IECorePython\ImathMatrixBinding.cpp">
      <Filter>Source Files</Filter>
    </ClCompile>
    <ClCompile Include="M:\gafferDependencies\cortex-9.21.1\src\IECorePython\ImathMatrixVectorBinding.cpp">
      <Filter>Source Files</Filter>
    </ClCompile>
    <ClCompile Include="M:\gafferDependencies\cortex-9.21.1\src\IECorePython\ImathPlaneBinding.cpp">
      <Filter>Source Files</Filter>
    </ClCompile>
    <ClCompile Include="M:\gafferDependencies\cortex-9.21.1\src\IECorePython\ImathQuatBinding.cpp">
      <Filter>Source Files</Filter>
    </ClCompile>
    <ClCompile Include="M:\gafferDependencies\cortex-9.21.1\src\IECorePython\ImathQuatVectorBinding.cpp">
      <Filter>Source Files</Filter>
    </ClCompile>
    <ClCompile Include="M:\gafferDependencies\cortex-9.21.1\src\IECorePython\ImathRandomBinding.cpp">
      <Filter>Source Files</Filter>
    </ClCompile>
    <ClCompile Include="M:\gafferDependencies\cortex-9.21.1\src\IECorePython\ImathRootsBinding.cpp">
      <Filter>Source Files</Filter>
    </ClCompile>
    <ClCompile Include="M:\gafferDependencies\cortex-9.21.1\src\IECorePython\ImathVecBinding.cpp">
      <Filter>Source Files</Filter>
    </ClCompile>
    <ClCompile Include="M:\gafferDependencies\cortex-9.21.1\src\IECorePython\ImathVecVectorBinding.cpp">
      <Filter>Source Files</Filter>
    </ClCompile>
    <ClCompile Include="M:\gafferDependencies\cortex-9.21.1\src\IECorePython\ImfBinding.cpp">
      <Filter>Source Files</Filter>
    </ClCompile>
    <ClCompile Include="M:\gafferDependencies\cortex-9.21.1\src\IECorePython\ImfTimeCodeBinding.cpp">
      <Filter>Source Files</Filter>
    </ClCompile>
    <ClCompile Include="M:\gafferDependencies\cortex-9.21.1\src\IECorePython\IndexedIOBinding.cpp">
      <Filter>Source Files</Filter>
    </ClCompile>
    <ClCompile Include="M:\gafferDependencies\cortex-9.21.1\src\IECorePython\InternedStringBinding.cpp">
      <Filter>Source Files</Filter>
    </ClCompile>
    <ClCompile Include="M:\gafferDependencies\cortex-9.21.1\src\IECorePython\InverseDistanceWeightedInterpolationBinding.cpp">
      <Filter>Source Files</Filter>
    </ClCompile>
    <ClCompile Include="M:\gafferDependencies\cortex-9.21.1\src\IECorePython\JPEGImageReaderBinding.cpp">
      <Filter>Source Files</Filter>
    </ClCompile>
    <ClCompile Include="M:\gafferDependencies\cortex-9.21.1\src\IECorePython\JPEGImageWriterBinding.cpp">
      <Filter>Source Files</Filter>
    </ClCompile>
    <ClCompile Include="M:\gafferDependencies\cortex-9.21.1\src\IECorePython\KDTreeBinding.cpp">
      <Filter>Source Files</Filter>
    </ClCompile>
    <ClCompile Include="M:\gafferDependencies\cortex-9.21.1\src\IECorePython\LRUCacheBinding.cpp">
      <Filter>Source Files</Filter>
    </ClCompile>
    <ClCompile Include="M:\gafferDependencies\cortex-9.21.1\src\IECorePython\LensDistortOpBinding.cpp">
      <Filter>Source Files</Filter>
    </ClCompile>
    <ClCompile Include="M:\gafferDependencies\cortex-9.21.1\src\IECorePython\LensModelBinding.cpp">
      <Filter>Source Files</Filter>
    </ClCompile>
    <ClCompile Include="M:\gafferDependencies\cortex-9.21.1\src\IECorePython\LevenbergMarquardtBinding.cpp">
      <Filter>Source Files</Filter>
    </ClCompile>
    <ClCompile Include="M:\gafferDependencies\cortex-9.21.1\src\IECorePython\LightBinding.cpp">
      <Filter>Source Files</Filter>
    </ClCompile>
    <ClCompile Include="M:\gafferDependencies\cortex-9.21.1\src\IECorePython\LimitSmoothSkinningInfluencesOpBinding.cpp">
      <Filter>Source Files</Filter>
    </ClCompile>
    <ClCompile Include="M:\gafferDependencies\cortex-9.21.1\src\IECorePython\LineSegmentBinding.cpp">
      <Filter>Source Files</Filter>
    </ClCompile>
    <ClCompile Include="M:\gafferDependencies\cortex-9.21.1\src\IECorePython\LinearToAlexaLogcOpBinding.cpp">
      <Filter>Source Files</Filter>
    </ClCompile>
    <ClCompile Include="M:\gafferDependencies\cortex-9.21.1\src\IECorePython\LinearToCineonOpBinding.cpp">
      <Filter>Source Files</Filter>
    </ClCompile>
    <ClCompile Include="M:\gafferDependencies\cortex-9.21.1\src\IECorePython\LinearToPanalogOpBinding.cpp">
      <Filter>Source Files</Filter>
    </ClCompile>
    <ClCompile Include="M:\gafferDependencies\cortex-9.21.1\src\IECorePython\LinearToRec709OpBinding.cpp">
      <Filter>Source Files</Filter>
    </ClCompile>
    <ClCompile Include="M:\gafferDependencies\cortex-9.21.1\src\IECorePython\LinearToSRGBOpBinding.cpp">
      <Filter>Source Files</Filter>
    </ClCompile>
    <ClCompile Include="M:\gafferDependencies\cortex-9.21.1\src\IECorePython\LinkedSceneBinding.cpp">
      <Filter>Source Files</Filter>
    </ClCompile>
    <ClCompile Include="M:\gafferDependencies\cortex-9.21.1\src\IECorePython\LookupBinding.cpp">
      <Filter>Source Files</Filter>
    </ClCompile>
    <ClCompile Include="M:\gafferDependencies\cortex-9.21.1\src\IECorePython\LuminanceOpBinding.cpp">
      <Filter>Source Files</Filter>
    </ClCompile>
    <ClCompile Include="M:\gafferDependencies\cortex-9.21.1\src\IECorePython\MPlayDisplayDriverBinding.cpp">
      <Filter>Source Files</Filter>
    </ClCompile>
    <ClCompile Include="M:\gafferDependencies\cortex-9.21.1\src\IECorePython\MathBinding.cpp">
      <Filter>Source Files</Filter>
    </ClCompile>
    <ClCompile Include="M:\gafferDependencies\cortex-9.21.1\src\IECorePython\MatrixMotionTransformBinding.cpp">
      <Filter>Source Files</Filter>
    </ClCompile>
    <ClCompile Include="M:\gafferDependencies\cortex-9.21.1\src\IECorePython\MatrixMultiplyOpBinding.cpp">
      <Filter>Source Files</Filter>
    </ClCompile>
    <ClCompile Include="M:\gafferDependencies\cortex-9.21.1\src\IECorePython\MatrixTransformBinding.cpp">
      <Filter>Source Files</Filter>
    </ClCompile>
    <ClCompile Include="M:\gafferDependencies\cortex-9.21.1\src\IECorePython\MedianCutSamplerBinding.cpp">
      <Filter>Source Files</Filter>
    </ClCompile>
    <ClCompile Include="M:\gafferDependencies\cortex-9.21.1\src\IECorePython\MeshAlgoBinding.cpp">
      <Filter>Source Files</Filter>
    </ClCompile>
    <ClCompile Include="M:\gafferDependencies\cortex-9.21.1\src\IECorePython\MeshDistortionsOpBinding.cpp">
      <Filter>Source Files</Filter>
    </ClCompile>
    <ClCompile Include="M:\gafferDependencies\cortex-9.21.1\src\IECorePython\MeshFaceFilterOpBinding.cpp">
      <Filter>Source Files</Filter>
    </ClCompile>
    <ClCompile Include="M:\gafferDependencies\cortex-9.21.1\src\IECorePython\MeshMergeOpBinding.cpp">
      <Filter>Source Files</Filter>
    </ClCompile>
    <ClCompile Include="M:\gafferDependencies\cortex-9.21.1\src\IECorePython\MeshNormalsOpBinding.cpp">
      <Filter>Source Files</Filter>
    </ClCompile>
    <ClCompile Include="M:\gafferDependencies\cortex-9.21.1\src\IECorePython\MeshPrimitiveBinding.cpp">
      <Filter>Source Files</Filter>
    </ClCompile>
    <ClCompile Include="M:\gafferDependencies\cortex-9.21.1\src\IECorePython\MeshPrimitiveBuilderBinding.cpp">
      <Filter>Source Files</Filter>
    </ClCompile>
    <ClCompile Include="M:\gafferDependencies\cortex-9.21.1\src\IECorePython\MeshPrimitiveEvaluatorBinding.cpp">
      <Filter>Source Files</Filter>
    </ClCompile>
    <ClCompile Include="M:\gafferDependencies\cortex-9.21.1\src\IECorePython\MeshPrimitiveShrinkWrapOpBinding.cpp">
      <Filter>Source Files</Filter>
    </ClCompile>
    <ClCompile Include="M:\gafferDependencies\cortex-9.21.1\src\IECorePython\MeshTangentsOpBinding.cpp">
      <Filter>Source Files</Filter>
    </ClCompile>
    <ClCompile Include="M:\gafferDependencies\cortex-9.21.1\src\IECorePython\MeshVertexReorderOpBinding.cpp">
      <Filter>Source Files</Filter>
    </ClCompile>
    <ClCompile Include="M:\gafferDependencies\cortex-9.21.1\src\IECorePython\MessageHandlerBinding.cpp">
      <Filter>Source Files</Filter>
    </ClCompile>
    <ClCompile Include="M:\gafferDependencies\cortex-9.21.1\src\IECorePython\MixSmoothSkinningWeightsOpBinding.cpp">
      <Filter>Source Files</Filter>
    </ClCompile>
    <ClCompile Include="M:\gafferDependencies\cortex-9.21.1\src\IECorePython\ModifyOpBinding.cpp">
      <Filter>Source Files</Filter>
    </ClCompile>
    <ClCompile Include="M:\gafferDependencies\cortex-9.21.1\src\IECorePython\MotionPrimitiveBinding.cpp">
      <Filter>Source Files</Filter>
    </ClCompile>
    <ClCompile Include="M:\gafferDependencies\cortex-9.21.1\src\IECorePython\MurmurHashBinding.cpp">
      <Filter>Source Files</Filter>
    </ClCompile>
    <ClCompile Include="M:\gafferDependencies\cortex-9.21.1\src\IECorePython\NParticleReaderBinding.cpp">
      <Filter>Source Files</Filter>
    </ClCompile>
    <ClCompile Include="M:\gafferDependencies\cortex-9.21.1\src\IECorePython\NURBSPrimitiveBinding.cpp">
      <Filter>Source Files</Filter>
    </ClCompile>
    <ClCompile Include="M:\gafferDependencies\cortex-9.21.1\src\IECorePython\NormalizeSmoothSkinningWeightsOpBinding.cpp">
      <Filter>Source Files</Filter>
    </ClCompile>
    <ClCompile Include="M:\gafferDependencies\cortex-9.21.1\src\IECorePython\NullObjectBinding.cpp">
      <Filter>Source Files</Filter>
    </ClCompile>
    <ClCompile Include="M:\gafferDependencies\cortex-9.21.1\src\IECorePython\NumericParameterBinding.cpp">
      <Filter>Source Files</Filter>
    </ClCompile>
    <ClCompile Include="M:\gafferDependencies\cortex-9.21.1\src\IECorePython\OBJReaderBinding.cpp">
      <Filter>Source Files</Filter>
    </ClCompile>
    <ClCompile Include="M:\gafferDependencies\cortex-9.21.1\src\IECorePython\ObjectBinding.cpp">
      <Filter>Source Files</Filter>
    </ClCompile>
    <ClCompile Include="M:\gafferDependencies\cortex-9.21.1\src\IECorePython\ObjectInterpolatorBinding.cpp">
      <Filter>Source Files</Filter>
    </ClCompile>
    <ClCompile Include="M:\gafferDependencies\cortex-9.21.1\src\IECorePython\ObjectParameterBinding.cpp">
      <Filter>Source Files</Filter>
    </ClCompile>
    <ClCompile Include="M:\gafferDependencies\cortex-9.21.1\src\IECorePython\ObjectPoolBinding.cpp">
      <Filter>Source Files</Filter>
    </ClCompile>
    <ClCompile Include="M:\gafferDependencies\cortex-9.21.1\src\IECorePython\ObjectReaderBinding.cpp">
      <Filter>Source Files</Filter>
    </ClCompile>
    <ClCompile Include="M:\gafferDependencies\cortex-9.21.1\src\IECorePython\ObjectVectorBinding.cpp">
      <Filter>Source Files</Filter>
    </ClCompile>
    <ClCompile Include="M:\gafferDependencies\cortex-9.21.1\src\IECorePython\ObjectWriterBinding.cpp">
      <Filter>Source Files</Filter>
    </ClCompile>
    <ClCompile Include="M:\gafferDependencies\cortex-9.21.1\src\IECorePython\OpBinding.cpp">
      <Filter>Source Files</Filter>
    </ClCompile>
    <ClCompile Include="M:\gafferDependencies\cortex-9.21.1\src\IECorePython\OptionsBinding.cpp">
      <Filter>Source Files</Filter>
    </ClCompile>
    <ClCompile Include="M:\gafferDependencies\cortex-9.21.1\src\IECorePython\OversamplesCalculatorBinding.cpp">
      <Filter>Source Files</Filter>
    </ClCompile>
    <ClCompile Include="M:\gafferDependencies\cortex-9.21.1\src\IECorePython\PDCParticleReaderBinding.cpp">
      <Filter>Source Files</Filter>
    </ClCompile>
    <ClCompile Include="M:\gafferDependencies\cortex-9.21.1\src\IECorePython\PDCParticleWriterBinding.cpp">
      <Filter>Source Files</Filter>
    </ClCompile>
    <ClCompile Include="M:\gafferDependencies\cortex-9.21.1\src\IECorePython\PNGImageReaderBinding.cpp">
      <Filter>Source Files</Filter>
    </ClCompile>
    <ClCompile Include="M:\gafferDependencies\cortex-9.21.1\src\IECorePython\PanalogToLinearOpBinding.cpp">
      <Filter>Source Files</Filter>
    </ClCompile>
    <ClCompile Include="M:\gafferDependencies\cortex-9.21.1\src\IECorePython\ParameterBinding.cpp">
      <Filter>Source Files</Filter>
    </ClCompile>
    <ClCompile Include="M:\gafferDependencies\cortex-9.21.1\src\IECorePython\ParameterisedBinding.cpp">
      <Filter>Source Files</Filter>
    </ClCompile>
    <ClCompile Include="M:\gafferDependencies\cortex-9.21.1\src\IECorePython\ParameterisedProceduralBinding.cpp">
      <Filter>Source Files</Filter>
    </ClCompile>
    <ClCompile Include="M:\gafferDependencies\cortex-9.21.1\src\IECorePython\ParticleReaderBinding.cpp">
      <Filter>Source Files</Filter>
    </ClCompile>
    <ClCompile Include="M:\gafferDependencies\cortex-9.21.1\src\IECorePython\ParticleWriterBinding.cpp">
      <Filter>Source Files</Filter>
    </ClCompile>
    <ClCompile Include="M:\gafferDependencies\cortex-9.21.1\src\IECorePython\PatchMeshPrimitiveBinding.cpp">
      <Filter>Source Files</Filter>
    </ClCompile>
    <ClCompile Include="M:\gafferDependencies\cortex-9.21.1\src\IECorePython\PathParameterBinding.cpp">
      <Filter>Source Files</Filter>
    </ClCompile>
    <ClCompile Include="M:\gafferDependencies\cortex-9.21.1\src\IECorePython\PathVectorParameterBinding.cpp">
      <Filter>Source Files</Filter>
    </ClCompile>
    <ClCompile Include="M:\gafferDependencies\cortex-9.21.1\src\IECorePython\PerlinNoiseBinding.cpp">
      <Filter>Source Files</Filter>
    </ClCompile>
    <ClCompile Include="M:\gafferDependencies\cortex-9.21.1\src\IECorePython\PointBoundsOpBinding.cpp">
      <Filter>Source Files</Filter>
    </ClCompile>
    <ClCompile Include="M:\gafferDependencies\cortex-9.21.1\src\IECorePython\PointDensitiesOpBinding.cpp">
      <Filter>Source Files</Filter>
    </ClCompile>
    <ClCompile Include="M:\gafferDependencies\cortex-9.21.1\src\IECorePython\PointDistributionBinding.cpp">
      <Filter>Source Files</Filter>
    </ClCompile>
    <ClCompile Include="M:\gafferDependencies\cortex-9.21.1\src\IECorePython\PointDistributionOpBinding.cpp">
      <Filter>Source Files</Filter>
    </ClCompile>
    <ClCompile Include="M:\gafferDependencies\cortex-9.21.1\src\IECorePython\PointNormalsOpBinding.cpp">
      <Filter>Source Files</Filter>
    </ClCompile>
    <ClCompile Include="M:\gafferDependencies\cortex-9.21.1\src\IECorePython\PointRepulsionOpBinding.cpp">
      <Filter>Source Files</Filter>
    </ClCompile>
    <ClCompile Include="M:\gafferDependencies\cortex-9.21.1\src\IECorePython\PointSmoothSkinningOpBinding.cpp">
      <Filter>Source Files</Filter>
    </ClCompile>
    <ClCompile Include="M:\gafferDependencies\cortex-9.21.1\src\IECorePython\PointVelocityDisplaceOpBinding.cpp">
      <Filter>Source Files</Filter>
    </ClCompile>
    <ClCompile Include="M:\gafferDependencies\cortex-9.21.1\src\IECorePython\PointsAlgoBinding.cpp">
      <Filter>Source Files</Filter>
    </ClCompile>
    <ClCompile Include="M:\gafferDependencies\cortex-9.21.1\src\IECorePython\PointsMotionOpBinding.cpp">
      <Filter>Source Files</Filter>
    </ClCompile>
    <ClCompile Include="M:\gafferDependencies\cortex-9.21.1\src\IECorePython\PointsPrimitiveBinding.cpp">
      <Filter>Source Files</Filter>
    </ClCompile>
    <ClCompile Include="M:\gafferDependencies\cortex-9.21.1\src\IECorePython\PointsPrimitiveEvaluatorBinding.cpp">
      <Filter>Source Files</Filter>
    </ClCompile>
    <ClCompile Include="M:\gafferDependencies\cortex-9.21.1\src\IECorePython\PolygonAlgoBinding.cpp">
      <Filter>Source Files</Filter>
    </ClCompile>
    <ClCompile Include="M:\gafferDependencies\cortex-9.21.1\src\IECorePython\PreWorldRenderableBinding.cpp">
      <Filter>Source Files</Filter>
    </ClCompile>
    <ClCompile Include="M:\gafferDependencies\cortex-9.21.1\src\IECorePython\PrimitiveBinding.cpp">
      <Filter>Source Files</Filter>
    </ClCompile>
    <ClCompile Include="M:\gafferDependencies\cortex-9.21.1\src\IECorePython\PrimitiveEvaluatorBinding.cpp">
      <Filter>Source Files</Filter>
    </ClCompile>
    <ClCompile Include="M:\gafferDependencies\cortex-9.21.1\src\IECorePython\PrimitiveOpBinding.cpp">
      <Filter>Source Files</Filter>
    </ClCompile>
    <ClCompile Include="M:\gafferDependencies\cortex-9.21.1\src\IECorePython\PrimitiveVariableBinding.cpp">
      <Filter>Source Files</Filter>
    </ClCompile>
    <ClCompile Include="M:\gafferDependencies\cortex-9.21.1\src\IECorePython\RadixSortBinding.cpp">
      <Filter>Source Files</Filter>
    </ClCompile>
    <ClCompile Include="M:\gafferDependencies\cortex-9.21.1\src\IECorePython\RandomRotationOpBinding.cpp">
      <Filter>Source Files</Filter>
    </ClCompile>
    <ClCompile Include="M:\gafferDependencies\cortex-9.21.1\src\IECorePython\ReaderBinding.cpp">
      <Filter>Source Files</Filter>
    </ClCompile>
    <ClCompile Include="M:\gafferDependencies\cortex-9.21.1\src\IECorePython\Rec709ToLinearOpBinding.cpp">
      <Filter>Source Files</Filter>
    </ClCompile>
    <ClCompile Include="M:\gafferDependencies\cortex-9.21.1\src\IECorePython\RefCountedBinding.cpp">
      <Filter>Source Files</Filter>
    </ClCompile>
    <ClCompile Include="M:\gafferDependencies\cortex-9.21.1\src\IECorePython\RemoveSmoothSkinningInfluencesOpBinding.cpp">
      <Filter>Source Files</Filter>
    </ClCompile>
    <ClCompile Include="M:\gafferDependencies\cortex-9.21.1\src\IECorePython\RenderableBinding.cpp">
      <Filter>Source Files</Filter>
    </ClCompile>
    <ClCompile Include="M:\gafferDependencies\cortex-9.21.1\src\IECorePython\RendererBinding.cpp">
      <Filter>Source Files</Filter>
    </ClCompile>
    <ClCompile Include="M:\gafferDependencies\cortex-9.21.1\src\IECorePython\ReorderSmoothSkinningInfluencesOpBinding.cpp">
      <Filter>Source Files</Filter>
    </ClCompile>
    <ClCompile Include="M:\gafferDependencies\cortex-9.21.1\src\IECorePython\ReorderedFrameListBinding.cpp">
      <Filter>Source Files</Filter>
    </ClCompile>
    <ClCompile Include="M:\gafferDependencies\cortex-9.21.1\src\IECorePython\ReversedFrameListBinding.cpp">
      <Filter>Source Files</Filter>
    </ClCompile>
    <ClCompile Include="M:\gafferDependencies\cortex-9.21.1\src\IECorePython\RunTimeTypedBinding.cpp">
      <Filter>Source Files</Filter>
    </ClCompile>
    <ClCompile Include="M:\gafferDependencies\cortex-9.21.1\src\IECorePython\SGIImageReaderBinding.cpp">
      <Filter>Source Files</Filter>
    </ClCompile>
    <ClCompile Include="M:\gafferDependencies\cortex-9.21.1\src\IECorePython\SRGBToLinearOpBinding.cpp">
      <Filter>Source Files</Filter>
    </ClCompile>
    <ClCompile Include="M:\gafferDependencies\cortex-9.21.1\src\IECorePython\SampledSceneInterfaceBinding.cpp">
      <Filter>Source Files</Filter>
    </ClCompile>
    <ClCompile Include="M:\gafferDependencies\cortex-9.21.1\src\IECorePython\SceneCacheBinding.cpp">
      <Filter>Source Files</Filter>
    </ClCompile>
    <ClCompile Include="M:\gafferDependencies\cortex-9.21.1\src\IECorePython\SceneInterfaceBinding.cpp">
      <Filter>Source Files</Filter>
    </ClCompile>
    <ClCompile Include="M:\gafferDependencies\cortex-9.21.1\src\IECorePython\ScopedGILLock.cpp">
      <Filter>Source Files</Filter>
    </ClCompile>
    <ClCompile Include="M:\gafferDependencies\cortex-9.21.1\src\IECorePython\ScopedGILRelease.cpp">
      <Filter>Source Files</Filter>
    </ClCompile>
    <ClCompile Include="M:\gafferDependencies\cortex-9.21.1\src\IECorePython\SearchPathBinding.cpp">
      <Filter>Source Files</Filter>
    </ClCompile>
    <ClCompile Include="M:\gafferDependencies\cortex-9.21.1\src\IECorePython\ShaderBinding.cpp">
      <Filter>Source Files</Filter>
    </ClCompile>
    <ClCompile Include="M:\gafferDependencies\cortex-9.21.1\src\IECorePython\SharedSceneInterfacesBinding.cpp">
      <Filter>Source Files</Filter>
    </ClCompile>
    <ClCompile Include="M:\gafferDependencies\cortex-9.21.1\src\IECorePython\SimpleTypedDataBinding.cpp">
      <Filter>Source Files</Filter>
    </ClCompile>
    <ClCompile Include="M:\gafferDependencies\cortex-9.21.1\src\IECorePython\SimpleTypedParameterBinding.cpp">
      <Filter>Source Files</Filter>
    </ClCompile>
    <ClCompile Include="M:\gafferDependencies\cortex-9.21.1\src\IECorePython\SmoothSkinningDataBinding.cpp">
      <Filter>Source Files</Filter>
    </ClCompile>
    <ClCompile Include="M:\gafferDependencies\cortex-9.21.1\src\IECorePython\SmoothSmoothSkinningWeightsOpBinding.cpp">
      <Filter>Source Files</Filter>
    </ClCompile>
    <ClCompile Include="M:\gafferDependencies\cortex-9.21.1\src\IECorePython\SpherePrimitiveBinding.cpp">
      <Filter>Source Files</Filter>
    </ClCompile>
    <ClCompile Include="M:\gafferDependencies\cortex-9.21.1\src\IECorePython\SpherePrimitiveEvaluatorBinding.cpp">
      <Filter>Source Files</Filter>
    </ClCompile>
    <ClCompile Include="M:\gafferDependencies\cortex-9.21.1\src\IECorePython\SplineBinding.cpp">
      <Filter>Source Files</Filter>
    </ClCompile>
    <ClCompile Include="M:\gafferDependencies\cortex-9.21.1\src\IECorePython\SplineDataBinding.cpp">
      <Filter>Source Files</Filter>
    </ClCompile>
    <ClCompile Include="M:\gafferDependencies\cortex-9.21.1\src\IECorePython\SplineParameterBinding.cpp">
      <Filter>Source Files</Filter>
    </ClCompile>
    <ClCompile Include="M:\gafferDependencies\cortex-9.21.1\src\IECorePython\SplineToImageBinding.cpp">
      <Filter>Source Files</Filter>
    </ClCompile>
    <ClCompile Include="M:\gafferDependencies\cortex-9.21.1\src\IECorePython\StandardRadialLensModelBinding.cpp">
      <Filter>Source Files</Filter>
    </ClCompile>
    <ClCompile Include="M:\gafferDependencies\cortex-9.21.1\src\IECorePython\StateRenderableBinding.cpp">
      <Filter>Source Files</Filter>
    </ClCompile>
    <ClCompile Include="M:\gafferDependencies\cortex-9.21.1\src\IECorePython\SummedAreaOpBinding.cpp">
      <Filter>Source Files</Filter>
    </ClCompile>
    <ClCompile Include="M:\gafferDependencies\cortex-9.21.1\src\IECorePython\TGAImageReaderBinding.cpp">
      <Filter>Source Files</Filter>
    </ClCompile>
    <ClCompile Include="M:\gafferDependencies\cortex-9.21.1\src\IECorePython\TGAImageWriterBinding.cpp">
      <Filter>Source Files</Filter>
    </ClCompile>
    <ClCompile Include="M:\gafferDependencies\cortex-9.21.1\src\IECorePython\TIFFImageReaderBinding.cpp">
      <Filter>Source Files</Filter>
    </ClCompile>
    <ClCompile Include="M:\gafferDependencies\cortex-9.21.1\src\IECorePython\TIFFImageWriterBinding.cpp">
      <Filter>Source Files</Filter>
    </ClCompile>
    <ClCompile Include="M:\gafferDependencies\cortex-9.21.1\src\IECorePython\TimeCodeDataBinding.cpp">
      <Filter>Source Files</Filter>
    </ClCompile>
    <ClCompile Include="M:\gafferDependencies\cortex-9.21.1\src\IECorePython\TimeCodeParameterBinding.cpp">
      <Filter>Source Files</Filter>
    </ClCompile>
    <ClCompile Include="M:\gafferDependencies\cortex-9.21.1\src\IECorePython\TimeDurationDataBinding.cpp">
      <Filter>Source Files</Filter>
    </ClCompile>
    <ClCompile Include="M:\gafferDependencies\cortex-9.21.1\src\IECorePython\TimeDurationParameterBinding.cpp">
      <Filter>Source Files</Filter>
    </ClCompile>
    <ClCompile Include="M:\gafferDependencies\cortex-9.21.1\src\IECorePython\TimePeriodBinding.cpp">
      <Filter>Source Files</Filter>
    </ClCompile>
    <ClCompile Include="M:\gafferDependencies\cortex-9.21.1\src\IECorePython\TimePeriodDataBinding.cpp">
      <Filter>Source Files</Filter>
    </ClCompile>
    <ClCompile Include="M:\gafferDependencies\cortex-9.21.1\src\IECorePython\TimePeriodParameterBinding.cpp">
      <Filter>Source Files</Filter>
    </ClCompile>
    <ClCompile Include="M:\gafferDependencies\cortex-9.21.1\src\IECorePython\TimerBinding.cpp">
      <Filter>Source Files</Filter>
    </ClCompile>
    <ClCompile Include="M:\gafferDependencies\cortex-9.21.1\src\IECorePython\ToCoreConverterBinding.cpp">
      <Filter>Source Files</Filter>
    </ClCompile>
    <ClCompile Include="M:\gafferDependencies\cortex-9.21.1\src\IECorePython\TransferSmoothSkinningWeightsOpBinding.cpp">
      <Filter>Source Files</Filter>
    </ClCompile>
    <ClCompile Include="M:\gafferDependencies\cortex-9.21.1\src\IECorePython\TransformBinding.cpp">
      <Filter>Source Files</Filter>
    </ClCompile>
    <ClCompile Include="M:\gafferDependencies\cortex-9.21.1\src\IECorePython\TransformOpBinding.cpp">
      <Filter>Source Files</Filter>
    </ClCompile>
    <ClCompile Include="M:\gafferDependencies\cortex-9.21.1\src\IECorePython\TransformationMatrixBinding.cpp">
      <Filter>Source Files</Filter>
    </ClCompile>
    <ClCompile Include="M:\gafferDependencies\cortex-9.21.1\src\IECorePython\TransformationMatrixDataBinding.cpp">
      <Filter>Source Files</Filter>
    </ClCompile>
    <ClCompile Include="M:\gafferDependencies\cortex-9.21.1\src\IECorePython\TriangleAlgoBinding.cpp">
      <Filter>Source Files</Filter>
    </ClCompile>
    <ClCompile Include="M:\gafferDependencies\cortex-9.21.1\src\IECorePython\TriangulateOpBinding.cpp">
      <Filter>Source Files</Filter>
    </ClCompile>
    <ClCompile Include="M:\gafferDependencies\cortex-9.21.1\src\IECorePython\TriangulatorBinding.cpp">
      <Filter>Source Files</Filter>
    </ClCompile>
    <ClCompile Include="M:\gafferDependencies\cortex-9.21.1\src\IECorePython\TurbulenceBinding.cpp">
      <Filter>Source Files</Filter>
    </ClCompile>
    <ClCompile Include="M:\gafferDependencies\cortex-9.21.1\src\IECorePython\TypeIdBinding.cpp">
      <Filter>Source Files</Filter>
    </ClCompile>
    <ClCompile Include="M:\gafferDependencies\cortex-9.21.1\src\IECorePython\TypedObjectParameterBinding.cpp">
      <Filter>Source Files</Filter>
    </ClCompile>
    <ClCompile Include="M:\gafferDependencies\cortex-9.21.1\src\IECorePython\TypedPrimitiveOpBinding.cpp">
      <Filter>Source Files</Filter>
    </ClCompile>
    <ClCompile Include="M:\gafferDependencies\cortex-9.21.1\src\IECorePython\TypedPrimitiveParameterBinding.cpp">
      <Filter>Source Files</Filter>
    </ClCompile>
    <ClCompile Include="M:\gafferDependencies\cortex-9.21.1\src\IECorePython\UVDistortOpBinding.cpp">
      <Filter>Source Files</Filter>
    </ClCompile>
    <ClCompile Include="M:\gafferDependencies\cortex-9.21.1\src\IECorePython\UnicodeToStringBinding.cpp">
      <Filter>Source Files</Filter>
    </ClCompile>
    <ClCompile Include="M:\gafferDependencies\cortex-9.21.1\src\IECorePython\ValidatedStringParameterBinding.cpp">
      <Filter>Source Files</Filter>
    </ClCompile>
    <ClCompile Include="M:\gafferDependencies\cortex-9.21.1\src\IECorePython\VectorDataFilterOpBinding.cpp">
      <Filter>Source Files</Filter>
    </ClCompile>
    <ClCompile Include="M:\gafferDependencies\cortex-9.21.1\src\IECorePython\VectorTypedDataBinding.cpp">
      <Filter>Source Files</Filter>
    </ClCompile>
    <ClCompile Include="M:\gafferDependencies\cortex-9.21.1\src\IECorePython\VectorTypedParameterBinding.cpp">
      <Filter>Source Files</Filter>
    </ClCompile>
    <ClCompile Include="M:\gafferDependencies\cortex-9.21.1\src\IECorePython\VisibleRenderableBinding.cpp">
      <Filter>Source Files</Filter>
    </ClCompile>
    <ClCompile Include="M:\gafferDependencies\cortex-9.21.1\src\IECorePython\WarpOpBinding.cpp">
      <Filter>Source Files</Filter>
    </ClCompile>
    <ClCompile Include="M:\gafferDependencies\cortex-9.21.1\src\IECorePython\WrapperGarbageCollector.cpp">
      <Filter>Source Files</Filter>
    </ClCompile>
    <ClCompile Include="M:\gafferDependencies\cortex-9.21.1\src\IECorePython\WriterBinding.cpp">
      <Filter>Source Files</Filter>
    </ClCompile>
    <ClCompile Include="M:\gafferDependencies\cortex-9.21.1\src\IECorePython\YUVImageWriterBinding.cpp">
      <Filter>Source Files</Filter>
    </ClCompile>
  </ItemGroup>
  <ItemGroup>
    <ClInclude Include="M:\gafferDependencies\cortex-9.21.1\include\IECorePython\AddSmoothSkinningInfluencesOpBinding.h">
      <Filter>Header Files</Filter>
    </ClInclude>
    <ClInclude Include="M:\gafferDependencies\cortex-9.21.1\include\IECorePython\AlexaLogcToLinearOpBinding.h">
      <Filter>Header Files</Filter>
    </ClInclude>
    <ClInclude Include="M:\gafferDependencies\cortex-9.21.1\include\IECorePython\AngleConversionBinding.h">
      <Filter>Header Files</Filter>
    </ClInclude>
    <ClInclude Include="M:\gafferDependencies\cortex-9.21.1\include\IECorePython\AttributeStateBinding.h">
      <Filter>Header Files</Filter>
    </ClInclude>
    <ClInclude Include="M:\gafferDependencies\cortex-9.21.1\include\IECorePython\BezierAlgoBinding.h">
      <Filter>Header Files</Filter>
    </ClInclude>
    <ClInclude Include="M:\gafferDependencies\cortex-9.21.1\include\IECorePython\BinaryFrameListBinding.h">
      <Filter>Header Files</Filter>
    </ClInclude>
    <ClInclude Include="M:\gafferDependencies\cortex-9.21.1\include\IECorePython\BlindDataHolderBinding.h">
      <Filter>Header Files</Filter>
    </ClInclude>
    <ClInclude Include="M:\gafferDependencies\cortex-9.21.1\include\IECorePython\BoundedKDTreeBinding.h">
      <Filter>Header Files</Filter>
    </ClInclude>
    <ClInclude Include="M:\gafferDependencies\cortex-9.21.1\include\IECorePython\CINImageReaderBinding.h">
      <Filter>Header Files</Filter>
    </ClInclude>
    <ClInclude Include="M:\gafferDependencies\cortex-9.21.1\include\IECorePython\CINImageWriterBinding.h">
      <Filter>Header Files</Filter>
    </ClInclude>
    <ClInclude Include="M:\gafferDependencies\cortex-9.21.1\include\IECorePython\CachedReaderBinding.h">
      <Filter>Header Files</Filter>
    </ClInclude>
    <ClInclude Include="M:\gafferDependencies\cortex-9.21.1\include\IECorePython\CamelCaseBinding.h">
      <Filter>Header Files</Filter>
    </ClInclude>
    <ClInclude Include="M:\gafferDependencies\cortex-9.21.1\include\IECorePython\CameraBinding.h">
      <Filter>Header Files</Filter>
    </ClInclude>
    <ClInclude Include="M:\gafferDependencies\cortex-9.21.1\include\IECorePython\CameraControllerBinding.h">
      <Filter>Header Files</Filter>
    </ClInclude>
    <ClInclude Include="M:\gafferDependencies\cortex-9.21.1\include\IECorePython\CapturingRendererBinding.h">
      <Filter>Header Files</Filter>
    </ClInclude>
    <ClInclude Include="M:\gafferDependencies\cortex-9.21.1\include\IECorePython\ChannelOpBinding.h">
      <Filter>Header Files</Filter>
    </ClInclude>
    <ClInclude Include="M:\gafferDependencies\cortex-9.21.1\include\IECorePython\CineonToLinearOpBinding.h">
      <Filter>Header Files</Filter>
    </ClInclude>
    <ClInclude Include="M:\gafferDependencies\cortex-9.21.1\include\IECorePython\ClampOpBinding.h">
      <Filter>Header Files</Filter>
    </ClInclude>
    <ClInclude Include="M:\gafferDependencies\cortex-9.21.1\include\IECorePython\ClientDisplayDriverBinding.h">
      <Filter>Header Files</Filter>
    </ClInclude>
    <ClInclude Include="M:\gafferDependencies\cortex-9.21.1\include\IECorePython\ClippingPlaneBinding.h">
      <Filter>Header Files</Filter>
    </ClInclude>
    <ClInclude Include="M:\gafferDependencies\cortex-9.21.1\include\IECorePython\ColorSpaceTransformOpBinding.h">
      <Filter>Header Files</Filter>
    </ClInclude>
    <ClInclude Include="M:\gafferDependencies\cortex-9.21.1\include\IECorePython\ColorTransformOpBinding.h">
      <Filter>Header Files</Filter>
    </ClInclude>
    <ClInclude Include="M:\gafferDependencies\cortex-9.21.1\include\IECorePython\CompoundDataBinding.h">
      <Filter>Header Files</Filter>
    </ClInclude>
    <ClInclude Include="M:\gafferDependencies\cortex-9.21.1\include\IECorePython\CompoundFrameListBinding.h">
      <Filter>Header Files</Filter>
    </ClInclude>
    <ClInclude Include="M:\gafferDependencies\cortex-9.21.1\include\IECorePython\CompoundObjectBinding.h">
      <Filter>Header Files</Filter>
    </ClInclude>
    <ClInclude Include="M:\gafferDependencies\cortex-9.21.1\include\IECorePython\CompoundParameterBinding.h">
      <Filter>Header Files</Filter>
    </ClInclude>
    <ClInclude Include="M:\gafferDependencies\cortex-9.21.1\include\IECorePython\CompressSmoothSkinningDataOpBinding.h">
      <Filter>Header Files</Filter>
    </ClInclude>
    <ClInclude Include="M:\gafferDependencies\cortex-9.21.1\include\IECorePython\ContrastSmoothSkinningWeightsOpBinding.h">
      <Filter>Header Files</Filter>
    </ClInclude>
    <ClInclude Include="M:\gafferDependencies\cortex-9.21.1\include\IECorePython\ConverterBinding.h">
      <Filter>Header Files</Filter>
    </ClInclude>
    <ClInclude Include="M:\gafferDependencies\cortex-9.21.1\include\IECorePython\CoordinateSystemBinding.h">
      <Filter>Header Files</Filter>
    </ClInclude>
    <ClInclude Include="M:\gafferDependencies\cortex-9.21.1\include\IECorePython\CubeColorLookupBinding.h">
      <Filter>Header Files</Filter>
    </ClInclude>
    <ClInclude Include="M:\gafferDependencies\cortex-9.21.1\include\IECorePython\CubeColorLookupDataBinding.h">
      <Filter>Header Files</Filter>
    </ClInclude>
    <ClInclude Include="M:\gafferDependencies\cortex-9.21.1\include\IECorePython\CubeColorLookupParameterBinding.h">
      <Filter>Header Files</Filter>
    </ClInclude>
    <ClInclude Include="M:\gafferDependencies\cortex-9.21.1\include\IECorePython\CubeColorTransformOpBinding.h">
      <Filter>Header Files</Filter>
    </ClInclude>
    <ClInclude Include="M:\gafferDependencies\cortex-9.21.1\include\IECorePython\CubicBasisBinding.h">
      <Filter>Header Files</Filter>
    </ClInclude>
    <ClInclude Include="M:\gafferDependencies\cortex-9.21.1\include\IECorePython\CurveExtrudeOpBinding.h">
      <Filter>Header Files</Filter>
    </ClInclude>
    <ClInclude Include="M:\gafferDependencies\cortex-9.21.1\include\IECorePython\CurveLineariserBinding.h">
      <Filter>Header Files</Filter>
    </ClInclude>
    <ClInclude Include="M:\gafferDependencies\cortex-9.21.1\include\IECorePython\CurveTangentsOpBinding.h">
      <Filter>Header Files</Filter>
    </ClInclude>
    <ClInclude Include="M:\gafferDependencies\cortex-9.21.1\include\IECorePython\CurveTracerBinding.h">
      <Filter>Header Files</Filter>
    </ClInclude>
    <ClInclude Include="M:\gafferDependencies\cortex-9.21.1\include\IECorePython\CurvesAlgoBinding.h">
      <Filter>Header Files</Filter>
    </ClInclude>
    <ClInclude Include="M:\gafferDependencies\cortex-9.21.1\include\IECorePython\CurvesMergeOpBinding.h">
      <Filter>Header Files</Filter>
    </ClInclude>
    <ClInclude Include="M:\gafferDependencies\cortex-9.21.1\include\IECorePython\CurvesPrimitiveBinding.h">
      <Filter>Header Files</Filter>
    </ClInclude>
    <ClInclude Include="M:\gafferDependencies\cortex-9.21.1\include\IECorePython\CurvesPrimitiveEvaluatorBinding.h">
      <Filter>Header Files</Filter>
    </ClInclude>
    <ClInclude Include="M:\gafferDependencies\cortex-9.21.1\include\IECorePython\DPXImageReaderBinding.h">
      <Filter>Header Files</Filter>
    </ClInclude>
    <ClInclude Include="M:\gafferDependencies\cortex-9.21.1\include\IECorePython\DPXImageWriterBinding.h">
      <Filter>Header Files</Filter>
    </ClInclude>
    <ClInclude Include="M:\gafferDependencies\cortex-9.21.1\include\IECorePython\DataAlgoBinding.h">
      <Filter>Header Files</Filter>
    </ClInclude>
    <ClInclude Include="M:\gafferDependencies\cortex-9.21.1\include\IECorePython\DataBinding.h">
      <Filter>Header Files</Filter>
    </ClInclude>
    <ClInclude Include="M:\gafferDependencies\cortex-9.21.1\include\IECorePython\DataCastOpBinding.h">
      <Filter>Header Files</Filter>
    </ClInclude>
    <ClInclude Include="M:\gafferDependencies\cortex-9.21.1\include\IECorePython\DataConvertOpBinding.h">
      <Filter>Header Files</Filter>
    </ClInclude>
    <ClInclude Include="M:\gafferDependencies\cortex-9.21.1\include\IECorePython\DataInterleaveOpBinding.h">
      <Filter>Header Files</Filter>
    </ClInclude>
    <ClInclude Include="M:\gafferDependencies\cortex-9.21.1\include\IECorePython\DataPromoteOpBinding.h">
      <Filter>Header Files</Filter>
    </ClInclude>
    <ClInclude Include="M:\gafferDependencies\cortex-9.21.1\include\IECorePython\DateTimeDataBinding.h">
      <Filter>Header Files</Filter>
    </ClInclude>
    <ClInclude Include="M:\gafferDependencies\cortex-9.21.1\include\IECorePython\DateTimeParameterBinding.h">
      <Filter>Header Files</Filter>
    </ClInclude>
    <ClInclude Include="M:\gafferDependencies\cortex-9.21.1\include\IECorePython\DecompressSmoothSkinningDataOpBinding.h">
      <Filter>Header Files</Filter>
    </ClInclude>
    <ClInclude Include="M:\gafferDependencies\cortex-9.21.1\include\IECorePython\DeepImageConverterBinding.h">
      <Filter>Header Files</Filter>
    </ClInclude>
    <ClInclude Include="M:\gafferDependencies\cortex-9.21.1\include\IECorePython\DeepImageReaderBinding.h">
      <Filter>Header Files</Filter>
    </ClInclude>
    <ClInclude Include="M:\gafferDependencies\cortex-9.21.1\include\IECorePython\DeepImageWriterBinding.h">
      <Filter>Header Files</Filter>
    </ClInclude>
    <ClInclude Include="M:\gafferDependencies\cortex-9.21.1\include\IECorePython\DeepPixelBinding.h">
      <Filter>Header Files</Filter>
    </ClInclude>
    <ClInclude Include="M:\gafferDependencies\cortex-9.21.1\include\IECorePython\DirNameParameterBinding.h">
      <Filter>Header Files</Filter>
    </ClInclude>
    <ClInclude Include="M:\gafferDependencies\cortex-9.21.1\include\IECorePython\DiskPrimitiveBinding.h">
      <Filter>Header Files</Filter>
    </ClInclude>
    <ClInclude Include="M:\gafferDependencies\cortex-9.21.1\include\IECorePython\DisplayBinding.h">
      <Filter>Header Files</Filter>
    </ClInclude>
    <ClInclude Include="M:\gafferDependencies\cortex-9.21.1\include\IECorePython\DisplayDriverBinding.h">
      <Filter>Header Files</Filter>
    </ClInclude>
    <ClInclude Include="M:\gafferDependencies\cortex-9.21.1\include\IECorePython\DisplayDriverServerBinding.h">
      <Filter>Header Files</Filter>
    </ClInclude>
    <ClInclude Include="M:\gafferDependencies\cortex-9.21.1\include\IECorePython\EXRDeepImageReaderBinding.h">
      <Filter>Header Files</Filter>
    </ClInclude>
    <ClInclude Include="M:\gafferDependencies\cortex-9.21.1\include\IECorePython\EXRDeepImageWriterBinding.h">
      <Filter>Header Files</Filter>
    </ClInclude>
    <ClInclude Include="M:\gafferDependencies\cortex-9.21.1\include\IECorePython\EXRImageReaderBinding.h">
      <Filter>Header Files</Filter>
    </ClInclude>
    <ClInclude Include="M:\gafferDependencies\cortex-9.21.1\include\IECorePython\EXRImageWriterBinding.h">
      <Filter>Header Files</Filter>
    </ClInclude>
    <ClInclude Include="M:\gafferDependencies\cortex-9.21.1\include\IECorePython\EmptyFrameListBinding.h">
      <Filter>Header Files</Filter>
    </ClInclude>
    <ClInclude Include="M:\gafferDependencies\cortex-9.21.1\include\IECorePython\EnvMapSamplerBinding.h">
      <Filter>Header Files</Filter>
    </ClInclude>
    <ClInclude Include="M:\gafferDependencies\cortex-9.21.1\include\IECorePython\ExceptionBinding.h">
      <Filter>Header Files</Filter>
    </ClInclude>
    <ClInclude Include="M:\gafferDependencies\cortex-9.21.1\include\IECorePython\ExclusionFrameListBinding.h">
      <Filter>Header Files</Filter>
    </ClInclude>
    <ClInclude Include="M:\gafferDependencies\cortex-9.21.1\include\IECorePython\Export.h">
      <Filter>Header Files</Filter>
    </ClInclude>
    <ClInclude Include="M:\gafferDependencies\cortex-9.21.1\include\IECorePython\ExternalProceduralBinding.h">
      <Filter>Header Files</Filter>
    </ClInclude>
    <ClInclude Include="M:\gafferDependencies\cortex-9.21.1\include\IECorePython\FaceAreaOpBinding.h">
      <Filter>Header Files</Filter>
    </ClInclude>
    <ClInclude Include="M:\gafferDependencies\cortex-9.21.1\include\IECorePython\FaceVaryingPromotionOpBinding.h">
      <Filter>Header Files</Filter>
    </ClInclude>
    <ClInclude Include="M:\gafferDependencies\cortex-9.21.1\include\IECorePython\FileNameParameterBinding.h">
      <Filter>Header Files</Filter>
    </ClInclude>
    <ClInclude Include="M:\gafferDependencies\cortex-9.21.1\include\IECorePython\FileSequenceBinding.h">
      <Filter>Header Files</Filter>
    </ClInclude>
    <ClInclude Include="M:\gafferDependencies\cortex-9.21.1\include\IECorePython\FileSequenceFunctionsBinding.h">
      <Filter>Header Files</Filter>
    </ClInclude>
    <ClInclude Include="M:\gafferDependencies\cortex-9.21.1\include\IECorePython\FileSequenceParameterBinding.h">
      <Filter>Header Files</Filter>
    </ClInclude>
    <ClInclude Include="M:\gafferDependencies\cortex-9.21.1\include\IECorePython\FileSequenceVectorParameterBinding.h">
      <Filter>Header Files</Filter>
    </ClInclude>
    <ClInclude Include="M:\gafferDependencies\cortex-9.21.1\include\IECorePython\FontBinding.h">
      <Filter>Header Files</Filter>
    </ClInclude>
    <ClInclude Include="M:\gafferDependencies\cortex-9.21.1\include\IECorePython\FrameListBinding.h">
      <Filter>Header Files</Filter>
    </ClInclude>
    <ClInclude Include="M:\gafferDependencies\cortex-9.21.1\include\IECorePython\FrameListParameterBinding.h">
      <Filter>Header Files</Filter>
    </ClInclude>
    <ClInclude Include="M:\gafferDependencies\cortex-9.21.1\include\IECorePython\FrameRangeBinding.h">
      <Filter>Header Files</Filter>
    </ClInclude>
    <ClInclude Include="M:\gafferDependencies\cortex-9.21.1\include\IECorePython\FromCoreConverterBinding.h">
      <Filter>Header Files</Filter>
    </ClInclude>
    <ClInclude Include="M:\gafferDependencies\cortex-9.21.1\include\IECorePython\GeometricTypedDataBinding.h">
      <Filter>Header Files</Filter>
    </ClInclude>
    <ClInclude Include="M:\gafferDependencies\cortex-9.21.1\include\IECorePython\GradeBinding.h">
      <Filter>Header Files</Filter>
    </ClInclude>
    <ClInclude Include="M:\gafferDependencies\cortex-9.21.1\include\IECorePython\GroupBinding.h">
      <Filter>Header Files</Filter>
    </ClInclude>
    <ClInclude Include="M:\gafferDependencies\cortex-9.21.1\include\IECorePython\HalfBinding.h">
      <Filter>Header Files</Filter>
    </ClInclude>
    <ClInclude Include="M:\gafferDependencies\cortex-9.21.1\include\IECorePython\HdrMergeOpBinding.h">
      <Filter>Header Files</Filter>
    </ClInclude>
    <ClInclude Include="M:\gafferDependencies\cortex-9.21.1\include\IECorePython\HeaderGeneratorBinding.h">
      <Filter>Header Files</Filter>
    </ClInclude>
    <ClInclude Include="M:\gafferDependencies\cortex-9.21.1\include\IECorePython\HenyeyGreensteinBinding.h">
      <Filter>Header Files</Filter>
    </ClInclude>
    <ClInclude Include="M:\gafferDependencies\cortex-9.21.1\include\IECorePython\HexConversionBinding.h">
      <Filter>Header Files</Filter>
    </ClInclude>
    <ClInclude Include="M:\gafferDependencies\cortex-9.21.1\include\IECorePython\IECoreBinding.h">
      <Filter>Header Files</Filter>
    </ClInclude>
    <ClInclude Include="M:\gafferDependencies\cortex-9.21.1\include\IECorePython\ImageCompositeOpBinding.h">
      <Filter>Header Files</Filter>
    </ClInclude>
    <ClInclude Include="M:\gafferDependencies\cortex-9.21.1\include\IECorePython\ImageCropOpBinding.h">
      <Filter>Header Files</Filter>
    </ClInclude>
    <ClInclude Include="M:\gafferDependencies\cortex-9.21.1\include\IECorePython\ImageDiffOpBinding.h">
      <Filter>Header Files</Filter>
    </ClInclude>
    <ClInclude Include="M:\gafferDependencies\cortex-9.21.1\include\IECorePython\ImageDisplayDriverBinding.h">
      <Filter>Header Files</Filter>
    </ClInclude>
    <ClInclude Include="M:\gafferDependencies\cortex-9.21.1\include\IECorePython\ImagePremultiplyOpBinding.h">
      <Filter>Header Files</Filter>
    </ClInclude>
    <ClInclude Include="M:\gafferDependencies\cortex-9.21.1\include\IECorePython\ImagePrimitiveBinding.h">
      <Filter>Header Files</Filter>
    </ClInclude>
    <ClInclude Include="M:\gafferDependencies\cortex-9.21.1\include\IECorePython\ImagePrimitiveEvaluatorBinding.h">
      <Filter>Header Files</Filter>
    </ClInclude>
    <ClInclude Include="M:\gafferDependencies\cortex-9.21.1\include\IECorePython\ImageReaderBinding.h">
      <Filter>Header Files</Filter>
    </ClInclude>
    <ClInclude Include="M:\gafferDependencies\cortex-9.21.1\include\IECorePython\ImageThinnerBinding.h">
      <Filter>Header Files</Filter>
    </ClInclude>
    <ClInclude Include="M:\gafferDependencies\cortex-9.21.1\include\IECorePython\ImageUnpremultiplyOpBinding.h">
      <Filter>Header Files</Filter>
    </ClInclude>
    <ClInclude Include="M:\gafferDependencies\cortex-9.21.1\include\IECorePython\ImageWriterBinding.h">
      <Filter>Header Files</Filter>
    </ClInclude>
    <ClInclude Include="M:\gafferDependencies\cortex-9.21.1\include\IECorePython\ImathBinding.h">
      <Filter>Header Files</Filter>
    </ClInclude>
    <ClInclude Include="M:\gafferDependencies\cortex-9.21.1\include\IECorePython\ImathBoxBinding.h">
      <Filter>Header Files</Filter>
    </ClInclude>
    <ClInclude Include="M:\gafferDependencies\cortex-9.21.1\include\IECorePython\ImathBoxVectorBinding.h">
      <Filter>Header Files</Filter>
    </ClInclude>
    <ClInclude Include="M:\gafferDependencies\cortex-9.21.1\include\IECorePython\ImathColorBinding.h">
      <Filter>Header Files</Filter>
    </ClInclude>
    <ClInclude Include="M:\gafferDependencies\cortex-9.21.1\include\IECorePython\ImathColorVectorBinding.h">
      <Filter>Header Files</Filter>
    </ClInclude>
    <ClInclude Include="M:\gafferDependencies\cortex-9.21.1\include\IECorePython\ImathEulerBinding.h">
      <Filter>Header Files</Filter>
    </ClInclude>
    <ClInclude Include="M:\gafferDependencies\cortex-9.21.1\include\IECorePython\ImathMatrixBinding.h">
      <Filter>Header Files</Filter>
    </ClInclude>
    <ClInclude Include="M:\gafferDependencies\cortex-9.21.1\include\IECorePython\ImathMatrixVectorBinding.h">
      <Filter>Header Files</Filter>
    </ClInclude>
    <ClInclude Include="M:\gafferDependencies\cortex-9.21.1\include\IECorePython\ImathPlaneBinding.h">
      <Filter>Header Files</Filter>
    </ClInclude>
    <ClInclude Include="M:\gafferDependencies\cortex-9.21.1\include\IECorePython\ImathQuatBinding.h">
      <Filter>Header Files</Filter>
    </ClInclude>
    <ClInclude Include="M:\gafferDependencies\cortex-9.21.1\include\IECorePython\ImathQuatVectorBinding.h">
      <Filter>Header Files</Filter>
    </ClInclude>
    <ClInclude Include="M:\gafferDependencies\cortex-9.21.1\include\IECorePython\ImathRandomBinding.h">
      <Filter>Header Files</Filter>
    </ClInclude>
    <ClInclude Include="M:\gafferDependencies\cortex-9.21.1\include\IECorePython\ImathRootsBinding.h">
      <Filter>Header Files</Filter>
    </ClInclude>
    <ClInclude Include="M:\gafferDependencies\cortex-9.21.1\include\IECorePython\ImathVecBinding.h">
      <Filter>Header Files</Filter>
    </ClInclude>
    <ClInclude Include="M:\gafferDependencies\cortex-9.21.1\include\IECorePython\ImathVecVectorBinding.h">
      <Filter>Header Files</Filter>
    </ClInclude>
    <ClInclude Include="M:\gafferDependencies\cortex-9.21.1\include\IECorePython\ImfBinding.h">
      <Filter>Header Files</Filter>
    </ClInclude>
    <ClInclude Include="M:\gafferDependencies\cortex-9.21.1\include\IECorePython\ImfTimeCodeBinding.h">
      <Filter>Header Files</Filter>
    </ClInclude>
    <ClInclude Include="M:\gafferDependencies\cortex-9.21.1\include\IECorePython\IndexedIOBinding.h">
      <Filter>Header Files</Filter>
    </ClInclude>
    <ClInclude Include="M:\gafferDependencies\cortex-9.21.1\include\IECorePython\InternedStringBinding.h">
      <Filter>Header Files</Filter>
    </ClInclude>
    <ClInclude Include="M:\gafferDependencies\cortex-9.21.1\include\IECorePython\InverseDistanceWeightedInterpolationBinding.h">
      <Filter>Header Files</Filter>
    </ClInclude>
    <ClInclude Include="M:\gafferDependencies\cortex-9.21.1\include\IECorePython\JPEGImageReaderBinding.h">
      <Filter>Header Files</Filter>
    </ClInclude>
    <ClInclude Include="M:\gafferDependencies\cortex-9.21.1\include\IECorePython\JPEGImageWriterBinding.h">
      <Filter>Header Files</Filter>
    </ClInclude>
    <ClInclude Include="M:\gafferDependencies\cortex-9.21.1\include\IECorePython\KDTreeBinding.h">
      <Filter>Header Files</Filter>
    </ClInclude>
    <ClInclude Include="M:\gafferDependencies\cortex-9.21.1\include\IECorePython\LRUCacheBinding.h">
      <Filter>Header Files</Filter>
    </ClInclude>
    <ClInclude Include="M:\gafferDependencies\cortex-9.21.1\include\IECorePython\LensDistortOpBinding.h">
      <Filter>Header Files</Filter>
    </ClInclude>
    <ClInclude Include="M:\gafferDependencies\cortex-9.21.1\include\IECorePython\LensModelBinding.h">
      <Filter>Header Files</Filter>
    </ClInclude>
    <ClInclude Include="M:\gafferDependencies\cortex-9.21.1\include\IECorePython\LevenbergMarquardtBinding.h">
      <Filter>Header Files</Filter>
    </ClInclude>
    <ClInclude Include="M:\gafferDependencies\cortex-9.21.1\include\IECorePython\LightBinding.h">
      <Filter>Header Files</Filter>
    </ClInclude>
    <ClInclude Include="M:\gafferDependencies\cortex-9.21.1\include\IECorePython\LimitSmoothSkinningInfluencesOpBinding.h">
      <Filter>Header Files</Filter>
    </ClInclude>
    <ClInclude Include="M:\gafferDependencies\cortex-9.21.1\include\IECorePython\LineSegmentBinding.h">
      <Filter>Header Files</Filter>
    </ClInclude>
    <ClInclude Include="M:\gafferDependencies\cortex-9.21.1\include\IECorePython\LinearToAlexaLogcOpBinding.h">
      <Filter>Header Files</Filter>
    </ClInclude>
    <ClInclude Include="M:\gafferDependencies\cortex-9.21.1\include\IECorePython\LinearToCineonOpBinding.h">
      <Filter>Header Files</Filter>
    </ClInclude>
    <ClInclude Include="M:\gafferDependencies\cortex-9.21.1\include\IECorePython\LinearToPanalogOpBinding.h">
      <Filter>Header Files</Filter>
    </ClInclude>
    <ClInclude Include="M:\gafferDependencies\cortex-9.21.1\include\IECorePython\LinearToRec709OpBinding.h">
      <Filter>Header Files</Filter>
    </ClInclude>
    <ClInclude Include="M:\gafferDependencies\cortex-9.21.1\include\IECorePython\LinearToSRGBOpBinding.h">
      <Filter>Header Files</Filter>
    </ClInclude>
    <ClInclude Include="M:\gafferDependencies\cortex-9.21.1\include\IECorePython\LinkedSceneBinding.h">
      <Filter>Header Files</Filter>
    </ClInclude>
    <ClInclude Include="M:\gafferDependencies\cortex-9.21.1\include\IECorePython\LookupBinding.h">
      <Filter>Header Files</Filter>
    </ClInclude>
    <ClInclude Include="M:\gafferDependencies\cortex-9.21.1\include\IECorePython\LuminanceOpBinding.h">
      <Filter>Header Files</Filter>
    </ClInclude>
    <ClInclude Include="M:\gafferDependencies\cortex-9.21.1\include\IECorePython\MPlayDisplayDriverBinding.h">
      <Filter>Header Files</Filter>
    </ClInclude>
    <ClInclude Include="M:\gafferDependencies\cortex-9.21.1\include\IECorePython\MathBinding.h">
      <Filter>Header Files</Filter>
    </ClInclude>
    <ClInclude Include="M:\gafferDependencies\cortex-9.21.1\include\IECorePython\MatrixMotionTransformBinding.h">
      <Filter>Header Files</Filter>
    </ClInclude>
    <ClInclude Include="M:\gafferDependencies\cortex-9.21.1\include\IECorePython\MatrixMultiplyOpBinding.h">
      <Filter>Header Files</Filter>
    </ClInclude>
    <ClInclude Include="M:\gafferDependencies\cortex-9.21.1\include\IECorePython\MatrixTransformBinding.h">
      <Filter>Header Files</Filter>
    </ClInclude>
    <ClInclude Include="M:\gafferDependencies\cortex-9.21.1\include\IECorePython\MedianCutSamplerBinding.h">
      <Filter>Header Files</Filter>
    </ClInclude>
    <ClInclude Include="M:\gafferDependencies\cortex-9.21.1\include\IECorePython\MeshAlgoBinding.h">
      <Filter>Header Files</Filter>
    </ClInclude>
    <ClInclude Include="M:\gafferDependencies\cortex-9.21.1\include\IECorePython\MeshDistortionsOpBinding.h">
      <Filter>Header Files</Filter>
    </ClInclude>
    <ClInclude Include="M:\gafferDependencies\cortex-9.21.1\include\IECorePython\MeshFaceFilterOpBinding.h">
      <Filter>Header Files</Filter>
    </ClInclude>
    <ClInclude Include="M:\gafferDependencies\cortex-9.21.1\include\IECorePython\MeshMergeOpBinding.h">
      <Filter>Header Files</Filter>
    </ClInclude>
    <ClInclude Include="M:\gafferDependencies\cortex-9.21.1\include\IECorePython\MeshNormalsOpBinding.h">
      <Filter>Header Files</Filter>
    </ClInclude>
    <ClInclude Include="M:\gafferDependencies\cortex-9.21.1\include\IECorePython\MeshPrimitiveBinding.h">
      <Filter>Header Files</Filter>
    </ClInclude>
    <ClInclude Include="M:\gafferDependencies\cortex-9.21.1\include\IECorePython\MeshPrimitiveBuilderBinding.h">
      <Filter>Header Files</Filter>
    </ClInclude>
    <ClInclude Include="M:\gafferDependencies\cortex-9.21.1\include\IECorePython\MeshPrimitiveEvaluatorBinding.h">
      <Filter>Header Files</Filter>
    </ClInclude>
    <ClInclude Include="M:\gafferDependencies\cortex-9.21.1\include\IECorePython\MeshPrimitiveShrinkWrapOpBinding.h">
      <Filter>Header Files</Filter>
    </ClInclude>
    <ClInclude Include="M:\gafferDependencies\cortex-9.21.1\include\IECorePython\MeshTangentsOpBinding.h">
      <Filter>Header Files</Filter>
    </ClInclude>
    <ClInclude Include="M:\gafferDependencies\cortex-9.21.1\include\IECorePython\MeshVertexReorderOpBinding.h">
      <Filter>Header Files</Filter>
    </ClInclude>
    <ClInclude Include="M:\gafferDependencies\cortex-9.21.1\include\IECorePython\MessageHandlerBinding.h">
      <Filter>Header Files</Filter>
    </ClInclude>
    <ClInclude Include="M:\gafferDependencies\cortex-9.21.1\include\IECorePython\MixSmoothSkinningWeightsOpBinding.h">
      <Filter>Header Files</Filter>
    </ClInclude>
    <ClInclude Include="M:\gafferDependencies\cortex-9.21.1\include\IECorePython\ModifyOpBinding.h">
      <Filter>Header Files</Filter>
    </ClInclude>
    <ClInclude Include="M:\gafferDependencies\cortex-9.21.1\include\IECorePython\MotionPrimitiveBinding.h">
      <Filter>Header Files</Filter>
    </ClInclude>
    <ClInclude Include="M:\gafferDependencies\cortex-9.21.1\include\IECorePython\MurmurHashBinding.h">
      <Filter>Header Files</Filter>
    </ClInclude>
    <ClInclude Include="M:\gafferDependencies\cortex-9.21.1\include\IECorePython\NParticleReaderBinding.h">
      <Filter>Header Files</Filter>
    </ClInclude>
    <ClInclude Include="M:\gafferDependencies\cortex-9.21.1\include\IECorePython\NURBSPrimitiveBinding.h">
      <Filter>Header Files</Filter>
    </ClInclude>
    <ClInclude Include="M:\gafferDependencies\cortex-9.21.1\include\IECorePython\NormalizeSmoothSkinningWeightsOpBinding.h">
      <Filter>Header Files</Filter>
    </ClInclude>
    <ClInclude Include="M:\gafferDependencies\cortex-9.21.1\include\IECorePython\NullObjectBinding.h">
      <Filter>Header Files</Filter>
    </ClInclude>
    <ClInclude Include="M:\gafferDependencies\cortex-9.21.1\include\IECorePython\NumericParameterBinding.h">
      <Filter>Header Files</Filter>
    </ClInclude>
    <ClInclude Include="M:\gafferDependencies\cortex-9.21.1\include\IECorePython\OBJReaderBinding.h">
      <Filter>Header Files</Filter>
    </ClInclude>
    <ClInclude Include="M:\gafferDependencies\cortex-9.21.1\include\IECorePython\ObjectBinding.h">
      <Filter>Header Files</Filter>
    </ClInclude>
    <ClInclude Include="M:\gafferDependencies\cortex-9.21.1\include\IECorePython\ObjectInterpolatorBinding.h">
      <Filter>Header Files</Filter>
    </ClInclude>
    <ClInclude Include="M:\gafferDependencies\cortex-9.21.1\include\IECorePython\ObjectParameterBinding.h">
      <Filter>Header Files</Filter>
    </ClInclude>
    <ClInclude Include="M:\gafferDependencies\cortex-9.21.1\include\IECorePython\ObjectPoolBinding.h">
      <Filter>Header Files</Filter>
    </ClInclude>
    <ClInclude Include="M:\gafferDependencies\cortex-9.21.1\include\IECorePython\ObjectReaderBinding.h">
      <Filter>Header Files</Filter>
    </ClInclude>
    <ClInclude Include="M:\gafferDependencies\cortex-9.21.1\include\IECorePython\ObjectVectorBinding.h">
      <Filter>Header Files</Filter>
    </ClInclude>
    <ClInclude Include="M:\gafferDependencies\cortex-9.21.1\include\IECorePython\ObjectWriterBinding.h">
      <Filter>Header Files</Filter>
    </ClInclude>
    <ClInclude Include="M:\gafferDependencies\cortex-9.21.1\include\IECorePython\OpBinding.h">
      <Filter>Header Files</Filter>
    </ClInclude>
    <ClInclude Include="M:\gafferDependencies\cortex-9.21.1\include\IECorePython\OptionsBinding.h">
      <Filter>Header Files</Filter>
    </ClInclude>
    <ClInclude Include="M:\gafferDependencies\cortex-9.21.1\include\IECorePython\OversamplesCalculatorBinding.h">
      <Filter>Header Files</Filter>
    </ClInclude>
    <ClInclude Include="M:\gafferDependencies\cortex-9.21.1\include\IECorePython\PDCParticleReaderBinding.h">
      <Filter>Header Files</Filter>
    </ClInclude>
    <ClInclude Include="M:\gafferDependencies\cortex-9.21.1\include\IECorePython\PDCParticleWriterBinding.h">
      <Filter>Header Files</Filter>
    </ClInclude>
    <ClInclude Include="M:\gafferDependencies\cortex-9.21.1\include\IECorePython\PNGImageReaderBinding.h">
      <Filter>Header Files</Filter>
    </ClInclude>
    <ClInclude Include="M:\gafferDependencies\cortex-9.21.1\include\IECorePython\PanalogToLinearOpBinding.h">
      <Filter>Header Files</Filter>
    </ClInclude>
    <ClInclude Include="M:\gafferDependencies\cortex-9.21.1\include\IECorePython\ParameterBinding.h">
      <Filter>Header Files</Filter>
    </ClInclude>
    <ClInclude Include="M:\gafferDependencies\cortex-9.21.1\include\IECorePython\ParameterisedBinding.h">
      <Filter>Header Files</Filter>
    </ClInclude>
    <ClInclude Include="M:\gafferDependencies\cortex-9.21.1\include\IECorePython\ParameterisedProceduralBinding.h">
      <Filter>Header Files</Filter>
    </ClInclude>
    <ClInclude Include="M:\gafferDependencies\cortex-9.21.1\include\IECorePython\ParticleReaderBinding.h">
      <Filter>Header Files</Filter>
    </ClInclude>
    <ClInclude Include="M:\gafferDependencies\cortex-9.21.1\include\IECorePython\ParticleWriterBinding.h">
      <Filter>Header Files</Filter>
    </ClInclude>
    <ClInclude Include="M:\gafferDependencies\cortex-9.21.1\include\IECorePython\PatchMeshPrimitiveBinding.h">
      <Filter>Header Files</Filter>
    </ClInclude>
    <ClInclude Include="M:\gafferDependencies\cortex-9.21.1\include\IECorePython\PathParameterBinding.h">
      <Filter>Header Files</Filter>
    </ClInclude>
    <ClInclude Include="M:\gafferDependencies\cortex-9.21.1\include\IECorePython\PathVectorParameterBinding.h">
      <Filter>Header Files</Filter>
    </ClInclude>
    <ClInclude Include="M:\gafferDependencies\cortex-9.21.1\include\IECorePython\PerlinNoiseBinding.h">
      <Filter>Header Files</Filter>
    </ClInclude>
    <ClInclude Include="M:\gafferDependencies\cortex-9.21.1\include\IECorePython\PointBoundsOpBinding.h">
      <Filter>Header Files</Filter>
    </ClInclude>
    <ClInclude Include="M:\gafferDependencies\cortex-9.21.1\include\IECorePython\PointDensitiesOpBinding.h">
      <Filter>Header Files</Filter>
    </ClInclude>
    <ClInclude Include="M:\gafferDependencies\cortex-9.21.1\include\IECorePython\PointDistributionBinding.h">
      <Filter>Header Files</Filter>
    </ClInclude>
    <ClInclude Include="M:\gafferDependencies\cortex-9.21.1\include\IECorePython\PointDistributionOpBinding.h">
      <Filter>Header Files</Filter>
    </ClInclude>
    <ClInclude Include="M:\gafferDependencies\cortex-9.21.1\include\IECorePython\PointNormalsOpBinding.h">
      <Filter>Header Files</Filter>
    </ClInclude>
    <ClInclude Include="M:\gafferDependencies\cortex-9.21.1\include\IECorePython\PointRepulsionOpBinding.h">
      <Filter>Header Files</Filter>
    </ClInclude>
    <ClInclude Include="M:\gafferDependencies\cortex-9.21.1\include\IECorePython\PointSmoothSkinningOpBinding.h">
      <Filter>Header Files</Filter>
    </ClInclude>
    <ClInclude Include="M:\gafferDependencies\cortex-9.21.1\include\IECorePython\PointVelocityDisplaceOpBinding.h">
      <Filter>Header Files</Filter>
    </ClInclude>
    <ClInclude Include="M:\gafferDependencies\cortex-9.21.1\include\IECorePython\PointerFromSWIG.h">
      <Filter>Header Files</Filter>
    </ClInclude>
    <ClInclude Include="M:\gafferDependencies\cortex-9.21.1\include\IECorePython\PointsAlgoBinding.h">
      <Filter>Header Files</Filter>
    </ClInclude>
    <ClInclude Include="M:\gafferDependencies\cortex-9.21.1\include\IECorePython\PointsMotionOpBinding.h">
      <Filter>Header Files</Filter>
    </ClInclude>
    <ClInclude Include="M:\gafferDependencies\cortex-9.21.1\include\IECorePython\PointsPrimitiveBinding.h">
      <Filter>Header Files</Filter>
    </ClInclude>
    <ClInclude Include="M:\gafferDependencies\cortex-9.21.1\include\IECorePython\PointsPrimitiveEvaluatorBinding.h">
      <Filter>Header Files</Filter>
    </ClInclude>
    <ClInclude Include="M:\gafferDependencies\cortex-9.21.1\include\IECorePython\PolygonAlgoBinding.h">
      <Filter>Header Files</Filter>
    </ClInclude>
    <ClInclude Include="M:\gafferDependencies\cortex-9.21.1\include\IECorePython\PreWorldRenderableBinding.h">
      <Filter>Header Files</Filter>
    </ClInclude>
    <ClInclude Include="M:\gafferDependencies\cortex-9.21.1\include\IECorePython\PrimitiveBinding.h">
      <Filter>Header Files</Filter>
    </ClInclude>
    <ClInclude Include="M:\gafferDependencies\cortex-9.21.1\include\IECorePython\PrimitiveEvaluatorBinding.h">
      <Filter>Header Files</Filter>
    </ClInclude>
    <ClInclude Include="M:\gafferDependencies\cortex-9.21.1\include\IECorePython\PrimitiveOpBinding.h">
      <Filter>Header Files</Filter>
    </ClInclude>
    <ClInclude Include="M:\gafferDependencies\cortex-9.21.1\include\IECorePython\PrimitiveVariableBinding.h">
      <Filter>Header Files</Filter>
    </ClInclude>
    <ClInclude Include="M:\gafferDependencies\cortex-9.21.1\include\IECorePython\RadixSortBinding.h">
      <Filter>Header Files</Filter>
    </ClInclude>
    <ClInclude Include="M:\gafferDependencies\cortex-9.21.1\include\IECorePython\RandomRotationOpBinding.h">
      <Filter>Header Files</Filter>
    </ClInclude>
    <ClInclude Include="M:\gafferDependencies\cortex-9.21.1\include\IECorePython\ReaderBinding.h">
      <Filter>Header Files</Filter>
    </ClInclude>
    <ClInclude Include="M:\gafferDependencies\cortex-9.21.1\include\IECorePython\Rec709ToLinearOpBinding.h">
      <Filter>Header Files</Filter>
    </ClInclude>
    <ClInclude Include="M:\gafferDependencies\cortex-9.21.1\include\IECorePython\RefCountedBinding.h">
      <Filter>Header Files</Filter>
    </ClInclude>
    <ClInclude Include="M:\gafferDependencies\cortex-9.21.1\include\IECorePython\RemoveSmoothSkinningInfluencesOpBinding.h">
      <Filter>Header Files</Filter>
    </ClInclude>
    <ClInclude Include="M:\gafferDependencies\cortex-9.21.1\include\IECorePython\RenderableBinding.h">
      <Filter>Header Files</Filter>
    </ClInclude>
    <ClInclude Include="M:\gafferDependencies\cortex-9.21.1\include\IECorePython\RendererBinding.h">
      <Filter>Header Files</Filter>
    </ClInclude>
    <ClInclude Include="M:\gafferDependencies\cortex-9.21.1\include\IECorePython\ReorderSmoothSkinningInfluencesOpBinding.h">
      <Filter>Header Files</Filter>
    </ClInclude>
    <ClInclude Include="M:\gafferDependencies\cortex-9.21.1\include\IECorePython\ReorderedFrameListBinding.h">
      <Filter>Header Files</Filter>
    </ClInclude>
    <ClInclude Include="M:\gafferDependencies\cortex-9.21.1\include\IECorePython\ReversedFrameListBinding.h">
      <Filter>Header Files</Filter>
    </ClInclude>
    <ClInclude Include="M:\gafferDependencies\cortex-9.21.1\include\IECorePython\RunTimeTypedBinding.h">
      <Filter>Header Files</Filter>
    </ClInclude>
    <ClInclude Include="M:\gafferDependencies\cortex-9.21.1\include\IECorePython\SGIImageReaderBinding.h">
      <Filter>Header Files</Filter>
    </ClInclude>
    <ClInclude Include="M:\gafferDependencies\cortex-9.21.1\include\IECorePython\SRGBToLinearOpBinding.h">
      <Filter>Header Files</Filter>
    </ClInclude>
    <ClInclude Include="M:\gafferDependencies\cortex-9.21.1\include\IECorePython\SampledSceneInterfaceBinding.h">
      <Filter>Header Files</Filter>
    </ClInclude>
    <ClInclude Include="M:\gafferDependencies\cortex-9.21.1\include\IECorePython\SceneCacheBinding.h">
      <Filter>Header Files</Filter>
    </ClInclude>
    <ClInclude Include="M:\gafferDependencies\cortex-9.21.1\include\IECorePython\SceneInterfaceBinding.h">
      <Filter>Header Files</Filter>
    </ClInclude>
    <ClInclude Include="M:\gafferDependencies\cortex-9.21.1\include\IECorePython\ScopedGILLock.h">
      <Filter>Header Files</Filter>
    </ClInclude>
    <ClInclude Include="M:\gafferDependencies\cortex-9.21.1\include\IECorePython\ScopedGILRelease.h">
      <Filter>Header Files</Filter>
    </ClInclude>
    <ClInclude Include="M:\gafferDependencies\cortex-9.21.1\include\IECorePython\SearchPathBinding.h">
      <Filter>Header Files</Filter>
    </ClInclude>
    <ClInclude Include="M:\gafferDependencies\cortex-9.21.1\include\IECorePython\ShaderBinding.h">
      <Filter>Header Files</Filter>
    </ClInclude>
    <ClInclude Include="M:\gafferDependencies\cortex-9.21.1\include\IECorePython\SharedSceneInterfacesBinding.h">
      <Filter>Header Files</Filter>
    </ClInclude>
    <ClInclude Include="M:\gafferDependencies\cortex-9.21.1\include\IECorePython\SimpleTypedDataBinding.h">
      <Filter>Header Files</Filter>
    </ClInclude>
    <ClInclude Include="M:\gafferDependencies\cortex-9.21.1\include\IECorePython\SimpleTypedParameterBinding.h">
      <Filter>Header Files</Filter>
    </ClInclude>
    <ClInclude Include="M:\gafferDependencies\cortex-9.21.1\include\IECorePython\SmoothSkinningDataBinding.h">
      <Filter>Header Files</Filter>
    </ClInclude>
    <ClInclude Include="M:\gafferDependencies\cortex-9.21.1\include\IECorePython\SmoothSmoothSkinningWeightsOpBinding.h">
      <Filter>Header Files</Filter>
    </ClInclude>
    <ClInclude Include="M:\gafferDependencies\cortex-9.21.1\include\IECorePython\SpherePrimitiveBinding.h">
      <Filter>Header Files</Filter>
    </ClInclude>
    <ClInclude Include="M:\gafferDependencies\cortex-9.21.1\include\IECorePython\SpherePrimitiveEvaluatorBinding.h">
      <Filter>Header Files</Filter>
    </ClInclude>
    <ClInclude Include="M:\gafferDependencies\cortex-9.21.1\include\IECorePython\SplineBinding.h">
      <Filter>Header Files</Filter>
    </ClInclude>
    <ClInclude Include="M:\gafferDependencies\cortex-9.21.1\include\IECorePython\SplineDataBinding.h">
      <Filter>Header Files</Filter>
    </ClInclude>
    <ClInclude Include="M:\gafferDependencies\cortex-9.21.1\include\IECorePython\SplineParameterBinding.h">
      <Filter>Header Files</Filter>
    </ClInclude>
    <ClInclude Include="M:\gafferDependencies\cortex-9.21.1\include\IECorePython\SplineToImageBinding.h">
      <Filter>Header Files</Filter>
    </ClInclude>
    <ClInclude Include="M:\gafferDependencies\cortex-9.21.1\include\IECorePython\StandardRadialLensModelBinding.h">
      <Filter>Header Files</Filter>
    </ClInclude>
    <ClInclude Include="M:\gafferDependencies\cortex-9.21.1\include\IECorePython\StateRenderableBinding.h">
      <Filter>Header Files</Filter>
    </ClInclude>
    <ClInclude Include="M:\gafferDependencies\cortex-9.21.1\include\IECorePython\SummedAreaOpBinding.h">
      <Filter>Header Files</Filter>
    </ClInclude>
    <ClInclude Include="M:\gafferDependencies\cortex-9.21.1\include\IECorePython\TGAImageReaderBinding.h">
      <Filter>Header Files</Filter>
    </ClInclude>
    <ClInclude Include="M:\gafferDependencies\cortex-9.21.1\include\IECorePython\TGAImageWriterBinding.h">
      <Filter>Header Files</Filter>
    </ClInclude>
    <ClInclude Include="M:\gafferDependencies\cortex-9.21.1\include\IECorePython\TIFFImageReaderBinding.h">
      <Filter>Header Files</Filter>
    </ClInclude>
    <ClInclude Include="M:\gafferDependencies\cortex-9.21.1\include\IECorePython\TIFFImageWriterBinding.h">
      <Filter>Header Files</Filter>
    </ClInclude>
    <ClInclude Include="M:\gafferDependencies\cortex-9.21.1\include\IECorePython\TimeCodeDataBinding.h">
      <Filter>Header Files</Filter>
    </ClInclude>
    <ClInclude Include="M:\gafferDependencies\cortex-9.21.1\include\IECorePython\TimeCodeParameterBinding.h">
      <Filter>Header Files</Filter>
    </ClInclude>
    <ClInclude Include="M:\gafferDependencies\cortex-9.21.1\include\IECorePython\TimeDurationDataBinding.h">
      <Filter>Header Files</Filter>
    </ClInclude>
    <ClInclude Include="M:\gafferDependencies\cortex-9.21.1\include\IECorePython\TimeDurationParameterBinding.h">
      <Filter>Header Files</Filter>
    </ClInclude>
    <ClInclude Include="M:\gafferDependencies\cortex-9.21.1\include\IECorePython\TimePeriodBinding.h">
      <Filter>Header Files</Filter>
    </ClInclude>
    <ClInclude Include="M:\gafferDependencies\cortex-9.21.1\include\IECorePython\TimePeriodDataBinding.h">
      <Filter>Header Files</Filter>
    </ClInclude>
    <ClInclude Include="M:\gafferDependencies\cortex-9.21.1\include\IECorePython\TimePeriodParameterBinding.h">
      <Filter>Header Files</Filter>
    </ClInclude>
    <ClInclude Include="M:\gafferDependencies\cortex-9.21.1\include\IECorePython\TimerBinding.h">
      <Filter>Header Files</Filter>
    </ClInclude>
    <ClInclude Include="M:\gafferDependencies\cortex-9.21.1\include\IECorePython\ToCoreConverterBinding.h">
      <Filter>Header Files</Filter>
    </ClInclude>
    <ClInclude Include="M:\gafferDependencies\cortex-9.21.1\include\IECorePython\TransferSmoothSkinningWeightsOpBinding.h">
      <Filter>Header Files</Filter>
    </ClInclude>
    <ClInclude Include="M:\gafferDependencies\cortex-9.21.1\include\IECorePython\TransformBinding.h">
      <Filter>Header Files</Filter>
    </ClInclude>
    <ClInclude Include="M:\gafferDependencies\cortex-9.21.1\include\IECorePython\TransformOpBinding.h">
      <Filter>Header Files</Filter>
    </ClInclude>
    <ClInclude Include="M:\gafferDependencies\cortex-9.21.1\include\IECorePython\TransformationMatrixBinding.h">
      <Filter>Header Files</Filter>
    </ClInclude>
    <ClInclude Include="M:\gafferDependencies\cortex-9.21.1\include\IECorePython\TransformationMatrixDataBinding.h">
      <Filter>Header Files</Filter>
    </ClInclude>
    <ClInclude Include="M:\gafferDependencies\cortex-9.21.1\include\IECorePython\TriangleAlgoBinding.h">
      <Filter>Header Files</Filter>
    </ClInclude>
    <ClInclude Include="M:\gafferDependencies\cortex-9.21.1\include\IECorePython\TriangulateOpBinding.h">
      <Filter>Header Files</Filter>
    </ClInclude>
    <ClInclude Include="M:\gafferDependencies\cortex-9.21.1\include\IECorePython\TriangulatorBinding.h">
      <Filter>Header Files</Filter>
    </ClInclude>
    <ClInclude Include="M:\gafferDependencies\cortex-9.21.1\include\IECorePython\TurbulenceBinding.h">
      <Filter>Header Files</Filter>
    </ClInclude>
    <ClInclude Include="M:\gafferDependencies\cortex-9.21.1\include\IECorePython\TypeIdBinding.h">
      <Filter>Header Files</Filter>
    </ClInclude>
    <ClInclude Include="M:\gafferDependencies\cortex-9.21.1\include\IECorePython\TypedObjectParameterBinding.h">
      <Filter>Header Files</Filter>
    </ClInclude>
    <ClInclude Include="M:\gafferDependencies\cortex-9.21.1\include\IECorePython\TypedParameterBinding.h">
      <Filter>Header Files</Filter>
    </ClInclude>
    <ClInclude Include="M:\gafferDependencies\cortex-9.21.1\include\IECorePython\TypedPrimitiveOpBinding.h">
      <Filter>Header Files</Filter>
    </ClInclude>
    <ClInclude Include="M:\gafferDependencies\cortex-9.21.1\include\IECorePython\TypedPrimitiveParameterBinding.h">
      <Filter>Header Files</Filter>
    </ClInclude>
    <ClInclude Include="M:\gafferDependencies\cortex-9.21.1\include\IECorePython\UVDistortOpBinding.h">
      <Filter>Header Files</Filter>
    </ClInclude>
    <ClInclude Include="M:\gafferDependencies\cortex-9.21.1\include\IECorePython\UnicodeToStringBinding.h">
      <Filter>Header Files</Filter>
    </ClInclude>
    <ClInclude Include="M:\gafferDependencies\cortex-9.21.1\include\IECorePython\ValidatedStringParameterBinding.h">
      <Filter>Header Files</Filter>
    </ClInclude>
    <ClInclude Include="M:\gafferDependencies\cortex-9.21.1\include\IECorePython\VectorDataFilterOpBinding.h">
      <Filter>Header Files</Filter>
    </ClInclude>
    <ClInclude Include="M:\gafferDependencies\cortex-9.21.1\include\IECorePython\VectorTypedDataBinding.h">
      <Filter>Header Files</Filter>
    </ClInclude>
    <ClInclude Include="M:\gafferDependencies\cortex-9.21.1\include\IECorePython\VectorTypedParameterBinding.h">
      <Filter>Header Files</Filter>
    </ClInclude>
    <ClInclude Include="M:\gafferDependencies\cortex-9.21.1\include\IECorePython\VisibleRenderableBinding.h">
      <Filter>Header Files</Filter>
    </ClInclude>
    <ClInclude Include="M:\gafferDependencies\cortex-9.21.1\include\IECorePython\WarpOpBinding.h">
      <Filter>Header Files</Filter>
    </ClInclude>
    <ClInclude Include="M:\gafferDependencies\cortex-9.21.1\include\IECorePython\WrapperGarbageCollector.h">
      <Filter>Header Files</Filter>
    </ClInclude>
    <ClInclude Include="M:\gafferDependencies\cortex-9.21.1\include\IECorePython\WriterBinding.h">
      <Filter>Header Files</Filter>
    </ClInclude>
    <ClInclude Include="M:\gafferDependencies\cortex-9.21.1\include\IECorePython\YUVImageWriterBinding.h">
      <Filter>Header Files</Filter>
    </ClInclude>
    <ClInclude Include="M:\gafferDependencies\cortex-9.21.1\include\IECorePython\GeometricTypedDataBinding.inl">
      <Filter>Header Files</Filter>
    </ClInclude>
    <ClInclude Include="M:\gafferDependencies\cortex-9.21.1\include\IECorePython\ParameterBinding.inl">
      <Filter>Header Files</Filter>
    </ClInclude>
    <ClInclude Include="M:\gafferDependencies\cortex-9.21.1\include\IECorePython\PointerFromSWIG.inl">
      <Filter>Header Files</Filter>
    </ClInclude>
    <ClInclude Include="M:\gafferDependencies\cortex-9.21.1\include\IECorePython\ReaderBinding.inl">
      <Filter>Header Files</Filter>
    </ClInclude>
    <ClInclude Include="M:\gafferDependencies\cortex-9.21.1\include\IECorePython\RefCountedBinding.inl">
      <Filter>Header Files</Filter>
    </ClInclude>
    <ClInclude Include="M:\gafferDependencies\cortex-9.21.1\include\IECorePython\RunTimeTypedBinding.inl">
      <Filter>Header Files</Filter>
    </ClInclude>
    <ClInclude Include="M:\gafferDependencies\cortex-9.21.1\include\IECorePython\SimpleTypedDataBinding.inl">
      <Filter>Header Files</Filter>
    </ClInclude>
    <ClInclude Include="M:\gafferDependencies\cortex-9.21.1\include\IECorePython\TypedObjectParameterBinding.inl">
      <Filter>Header Files</Filter>
    </ClInclude>
    <ClInclude Include="M:\gafferDependencies\cortex-9.21.1\include\IECorePython\TypedParameterBinding.inl">
      <Filter>Header Files</Filter>
    </ClInclude>
    <ClInclude Include="M:\gafferDependencies\cortex-9.21.1\include\IECorePython\VectorTypedDataBinding.inl">
      <Filter>Header Files</Filter>
    </ClInclude>
  </ItemGroup>
  <ItemGroup>
    <CustomBuild Include="M:\gafferDependencies\cortex-9.21.1\src\IECorePython\CMakeLists.txt" />
  </ItemGroup>
  <ItemGroup>
    <Filter Include="Source Files">
      <UniqueIdentifier>{5E108FB9-6FC0-3B20-9F53-3C684AACFEFE}</UniqueIdentifier>
    </Filter>
    <Filter Include="Header Files">
      <UniqueIdentifier>{50FB8D4D-97EF-311D-B2F6-3B5A941B8736}</UniqueIdentifier>
    </Filter>
  </ItemGroup>
</Project>
